// !$*UTF8*$!
{
	archiveVersion = 1;
	classes = {
	};
	objectVersion = 50;
	objects = {

/* Begin PBXBuildFile section */
		E41958BB20F8971D007EA4B4 /* SQLiteRecordDecoder.swift in Sources */ = {isa = PBXBuildFile; fileRef = E41958BA20F8971D007EA4B4 /* SQLiteRecordDecoder.swift */; };
		E41F764020C8D2F300399E42 /* CICOPersistent.h in Headers */ = {isa = PBXBuildFile; fileRef = E41F763E20C8D2F300399E42 /* CICOPersistent.h */; settings = {ATTRIBUTES = (Public, ); }; };
		E41F764720C8D32A00399E42 /* PersistentService.swift in Sources */ = {isa = PBXBuildFile; fileRef = E41F764620C8D32A00399E42 /* PersistentService.swift */; };
		E41F764B20C9221C00399E42 /* CICOSecurityAide.h in Headers */ = {isa = PBXBuildFile; fileRef = E41F764920C9221C00399E42 /* CICOSecurityAide.h */; settings = {ATTRIBUTES = (Public, ); }; };
		E41F764C20C9221C00399E42 /* CICOSecurityAide.m in Sources */ = {isa = PBXBuildFile; fileRef = E41F764A20C9221C00399E42 /* CICOSecurityAide.m */; };
		E41F765420C92CAD00399E42 /* CICOPathAide.m in Sources */ = {isa = PBXBuildFile; fileRef = E41F765220C92CAD00399E42 /* CICOPathAide.m */; };
		E41F765520C92CAD00399E42 /* CICOPathAide.h in Headers */ = {isa = PBXBuildFile; fileRef = E41F765320C92CAD00399E42 /* CICOPathAide.h */; settings = {ATTRIBUTES = (Public, ); }; };
		E41F765D20C9302300399E42 /* AppDelegate.swift in Sources */ = {isa = PBXBuildFile; fileRef = E41F765C20C9302300399E42 /* AppDelegate.swift */; };
		E41F765F20C9302300399E42 /* ViewController.swift in Sources */ = {isa = PBXBuildFile; fileRef = E41F765E20C9302300399E42 /* ViewController.swift */; };
		E41F766220C9302300399E42 /* Main.storyboard in Resources */ = {isa = PBXBuildFile; fileRef = E41F766020C9302300399E42 /* Main.storyboard */; };
		E41F766420C9302400399E42 /* Assets.xcassets in Resources */ = {isa = PBXBuildFile; fileRef = E41F766320C9302400399E42 /* Assets.xcassets */; };
		E41F766720C9302400399E42 /* LaunchScreen.storyboard in Resources */ = {isa = PBXBuildFile; fileRef = E41F766520C9302400399E42 /* LaunchScreen.storyboard */; };
		E41F766C20C9313000399E42 /* CICOPersistent.framework in Frameworks */ = {isa = PBXBuildFile; fileRef = E41F763B20C8D2F300399E42 /* CICOPersistent.framework */; };
		E41F766D20C9313000399E42 /* CICOPersistent.framework in Embed Frameworks */ = {isa = PBXBuildFile; fileRef = E41F763B20C8D2F300399E42 /* CICOPersistent.framework */; settings = {ATTRIBUTES = (CodeSignOnCopy, RemoveHeadersOnCopy, ); }; };
		E41F767220C9327E00399E42 /* PublicPersistentService.swift in Sources */ = {isa = PBXBuildFile; fileRef = E41F767120C9327E00399E42 /* PublicPersistentService.swift */; };
		E41F767620C9384300399E42 /* TCodableStruct.swift in Sources */ = {isa = PBXBuildFile; fileRef = E41F767320C9384300399E42 /* TCodableStruct.swift */; };
		E41F767720C9384300399E42 /* default.json in Resources */ = {isa = PBXBuildFile; fileRef = E41F767420C9384300399E42 /* default.json */; };
		E41F767820C9384300399E42 /* TCodableClass.swift in Sources */ = {isa = PBXBuildFile; fileRef = E41F767520C9384300399E42 /* TCodableClass.swift */; };
		E41F767C20C93D3D00399E42 /* TempPersistentService.swift in Sources */ = {isa = PBXBuildFile; fileRef = E41F767920C93D3D00399E42 /* TempPersistentService.swift */; };
		E41F767D20C93D3D00399E42 /* CachePersistentService.swift in Sources */ = {isa = PBXBuildFile; fileRef = E41F767A20C93D3D00399E42 /* CachePersistentService.swift */; };
		E41F767E20C93D3D00399E42 /* PrivatePersistentService.swift in Sources */ = {isa = PBXBuildFile; fileRef = E41F767B20C93D3D00399E42 /* PrivatePersistentService.swift */; };
		E420CDB320F84EF900D1BA63 /* TypeProperty.swift in Sources */ = {isa = PBXBuildFile; fileRef = E420CDB220F84EF900D1BA63 /* TypeProperty.swift */; };
		E42B665C21002DDD006EBAC2 /* SQLiteRecordEncoder.swift in Sources */ = {isa = PBXBuildFile; fileRef = E42B665B21002DDD006EBAC2 /* SQLiteRecordEncoder.swift */; };
		E42B66A42102CECE006EBAC2 /* ORMProtocol.swift in Sources */ = {isa = PBXBuildFile; fileRef = E42B66A32102CECE006EBAC2 /* ORMProtocol.swift */; };
		E42B66A72102D996006EBAC2 /* PublicORMDBService.swift in Sources */ = {isa = PBXBuildFile; fileRef = E42B66A62102D996006EBAC2 /* PublicORMDBService.swift */; };
		E42B66A92102DD71006EBAC2 /* PrivateORMDBService.swift in Sources */ = {isa = PBXBuildFile; fileRef = E42B66A82102DD71006EBAC2 /* PrivateORMDBService.swift */; };
		E42B66AB2102DD82006EBAC2 /* CacheORMDBService.swift in Sources */ = {isa = PBXBuildFile; fileRef = E42B66AA2102DD82006EBAC2 /* CacheORMDBService.swift */; };
		E42B66AD2102DD90006EBAC2 /* TempORMDBService.swift in Sources */ = {isa = PBXBuildFile; fileRef = E42B66AC2102DD90006EBAC2 /* TempORMDBService.swift */; };
		E42B66AF2102E320006EBAC2 /* URLKVFileService.swift in Sources */ = {isa = PBXBuildFile; fileRef = E42B66AE2102E320006EBAC2 /* URLKVFileService.swift */; };
		E42B66B12106D269006EBAC2 /* ORMTableInfoModel.swift in Sources */ = {isa = PBXBuildFile; fileRef = E42B66B02106D269006EBAC2 /* ORMTableInfoModel.swift */; };
		E482ED0220CE15E7001FF435 /* FMDB.framework in Frameworks */ = {isa = PBXBuildFile; fileRef = E482ED0120CE15E7001FF435 /* FMDB.framework */; };
		E482ED0320CE15EF001FF435 /* FMDB.framework in Frameworks */ = {isa = PBXBuildFile; fileRef = E482ED0120CE15E7001FF435 /* FMDB.framework */; };
		E482ED0420CE15EF001FF435 /* FMDB.framework in Embed Frameworks */ = {isa = PBXBuildFile; fileRef = E482ED0120CE15E7001FF435 /* FMDB.framework */; settings = {ATTRIBUTES = (CodeSignOnCopy, RemoveHeadersOnCopy, ); }; };
		E482ED0720CE167B001FF435 /* KVDBService.swift in Sources */ = {isa = PBXBuildFile; fileRef = E482ED0620CE167B001FF435 /* KVDBService.swift */; };
		E482ED0B20CE4E37001FF435 /* PublicKVDBService.swift in Sources */ = {isa = PBXBuildFile; fileRef = E482ED0A20CE4E37001FF435 /* PublicKVDBService.swift */; };
		E482ED0D20CF5F64001FF435 /* PrivateKVDBService.swift in Sources */ = {isa = PBXBuildFile; fileRef = E482ED0C20CF5F64001FF435 /* PrivateKVDBService.swift */; };
		E482ED0F20CF5FC6001FF435 /* CacheKVDBService.swift in Sources */ = {isa = PBXBuildFile; fileRef = E482ED0E20CF5FC6001FF435 /* CacheKVDBService.swift */; };
		E482ED1120CF6014001FF435 /* TempKVDBService.swift in Sources */ = {isa = PBXBuildFile; fileRef = E482ED1020CF6014001FF435 /* TempKVDBService.swift */; };
		E482ED1420CF6950001FF435 /* KVFileService.swift in Sources */ = {isa = PBXBuildFile; fileRef = E482ED1320CF6950001FF435 /* KVFileService.swift */; };
		E482ED1620CF6F2F001FF435 /* PublicKVFileService.swift in Sources */ = {isa = PBXBuildFile; fileRef = E482ED1520CF6F2F001FF435 /* PublicKVFileService.swift */; };
		E482ED1820CF6F3D001FF435 /* PrivateKVFileService.swift in Sources */ = {isa = PBXBuildFile; fileRef = E482ED1720CF6F3D001FF435 /* PrivateKVFileService.swift */; };
		E482ED1A20CF6F4B001FF435 /* CacheKVFileService.swift in Sources */ = {isa = PBXBuildFile; fileRef = E482ED1920CF6F4B001FF435 /* CacheKVFileService.swift */; };
		E482ED1C20CF6F57001FF435 /* TempKVFileService.swift in Sources */ = {isa = PBXBuildFile; fileRef = E482ED1B20CF6F57001FF435 /* TempKVFileService.swift */; };
		E484B44920DCA34600FE0AC9 /* ORMDBService.swift in Sources */ = {isa = PBXBuildFile; fileRef = E484B44820DCA34600FE0AC9 /* ORMDBService.swift */; };
		E484B45420DDF5A300FE0AC9 /* SwiftyJSON.framework in Frameworks */ = {isa = PBXBuildFile; fileRef = E484B45320DDF5A300FE0AC9 /* SwiftyJSON.framework */; };
		E484B45520DE287E00FE0AC9 /* SwiftyJSON.framework in Frameworks */ = {isa = PBXBuildFile; fileRef = E484B45320DDF5A300FE0AC9 /* SwiftyJSON.framework */; };
		E484B45620DE287E00FE0AC9 /* SwiftyJSON.framework in Embed Frameworks */ = {isa = PBXBuildFile; fileRef = E484B45320DDF5A300FE0AC9 /* SwiftyJSON.framework */; settings = {ATTRIBUTES = (CodeSignOnCopy, RemoveHeadersOnCopy, ); }; };
		E492B4B220EB188200BC48A4 /* SQLiteType.swift in Sources */ = {isa = PBXBuildFile; fileRef = E492B4B120EB188200BC48A4 /* SQLiteType.swift */; };
		E492B4DD20EC6FB200BC48A4 /* SQLiteTypeDecoder.swift in Sources */ = {isa = PBXBuildFile; fileRef = E492B4DC20EC6FB200BC48A4 /* SQLiteTypeDecoder.swift */; };
		E492B4DF20EC793500BC48A4 /* CICOAutoCodable.framework in Frameworks */ = {isa = PBXBuildFile; fileRef = E492B4DE20EC793400BC48A4 /* CICOAutoCodable.framework */; };
		E492B4E020EC7BDB00BC48A4 /* CICOAutoCodable.framework in Frameworks */ = {isa = PBXBuildFile; fileRef = E492B4DE20EC793400BC48A4 /* CICOAutoCodable.framework */; };
		E492B4E120EC7BDB00BC48A4 /* CICOAutoCodable.framework in Embed Frameworks */ = {isa = PBXBuildFile; fileRef = E492B4DE20EC793400BC48A4 /* CICOAutoCodable.framework */; settings = {ATTRIBUTES = (CodeSignOnCopy, RemoveHeadersOnCopy, ); }; };
		E49F7CD6210AC18200CF24F0 /* KeyChainService.swift in Sources */ = {isa = PBXBuildFile; fileRef = E49F7CD5210AC18200CF24F0 /* KeyChainService.swift */; };
		E49F7CD8210ACE8700CF24F0 /* KVKeyChainService.swift in Sources */ = {isa = PBXBuildFile; fileRef = E49F7CD7210ACE8700CF24F0 /* KVKeyChainService.swift */; };
		E49F7CF9210C447400CF24F0 /* KVJSONAide.swift in Sources */ = {isa = PBXBuildFile; fileRef = E49F7CF8210C447400CF24F0 /* KVJSONAide.swift */; };
		E49F7CFE210C640600CF24F0 /* CICOFileManagerAide.h in Headers */ = {isa = PBXBuildFile; fileRef = E49F7CFC210C640600CF24F0 /* CICOFileManagerAide.h */; settings = {ATTRIBUTES = (Public, ); }; };
		E49F7CFF210C640600CF24F0 /* CICOFileManagerAide.m in Sources */ = {isa = PBXBuildFile; fileRef = E49F7CFD210C640600CF24F0 /* CICOFileManagerAide.m */; };
/* End PBXBuildFile section */

/* Begin PBXContainerItemProxy section */
		E41F766E20C9313000399E42 /* PBXContainerItemProxy */ = {
			isa = PBXContainerItemProxy;
			containerPortal = E41F763220C8D2F300399E42 /* Project object */;
			proxyType = 1;
			remoteGlobalIDString = E41F763A20C8D2F300399E42;
			remoteInfo = CICOPersistent;
		};
/* End PBXContainerItemProxy section */

/* Begin PBXCopyFilesBuildPhase section */
		E41F767020C9313000399E42 /* Embed Frameworks */ = {
			isa = PBXCopyFilesBuildPhase;
			buildActionMask = 2147483647;
			dstPath = "";
			dstSubfolderSpec = 10;
			files = (
				E41F766D20C9313000399E42 /* CICOPersistent.framework in Embed Frameworks */,
				E482ED0420CE15EF001FF435 /* FMDB.framework in Embed Frameworks */,
				E492B4E120EC7BDB00BC48A4 /* CICOAutoCodable.framework in Embed Frameworks */,
				E484B45620DE287E00FE0AC9 /* SwiftyJSON.framework in Embed Frameworks */,
			);
			name = "Embed Frameworks";
			runOnlyForDeploymentPostprocessing = 0;
		};
/* End PBXCopyFilesBuildPhase section */

/* Begin PBXFileReference section */
		E41958BA20F8971D007EA4B4 /* SQLiteRecordDecoder.swift */ = {isa = PBXFileReference; fileEncoding = 4; lastKnownFileType = sourcecode.swift; path = SQLiteRecordDecoder.swift; sourceTree = "<group>"; };
		E41F763B20C8D2F300399E42 /* CICOPersistent.framework */ = {isa = PBXFileReference; explicitFileType = wrapper.framework; includeInIndex = 0; path = CICOPersistent.framework; sourceTree = BUILT_PRODUCTS_DIR; };
		E41F763E20C8D2F300399E42 /* CICOPersistent.h */ = {isa = PBXFileReference; lastKnownFileType = sourcecode.c.h; path = CICOPersistent.h; sourceTree = "<group>"; };
		E41F763F20C8D2F300399E42 /* Info.plist */ = {isa = PBXFileReference; lastKnownFileType = text.plist.xml; path = Info.plist; sourceTree = "<group>"; };
		E41F764620C8D32A00399E42 /* PersistentService.swift */ = {isa = PBXFileReference; lastKnownFileType = sourcecode.swift; path = PersistentService.swift; sourceTree = "<group>"; };
		E41F764920C9221C00399E42 /* CICOSecurityAide.h */ = {isa = PBXFileReference; fileEncoding = 4; lastKnownFileType = sourcecode.c.h; path = CICOSecurityAide.h; sourceTree = "<group>"; };
		E41F764A20C9221C00399E42 /* CICOSecurityAide.m */ = {isa = PBXFileReference; fileEncoding = 4; lastKnownFileType = sourcecode.c.objc; path = CICOSecurityAide.m; sourceTree = "<group>"; };
		E41F765220C92CAD00399E42 /* CICOPathAide.m */ = {isa = PBXFileReference; fileEncoding = 4; lastKnownFileType = sourcecode.c.objc; path = CICOPathAide.m; sourceTree = "<group>"; };
		E41F765320C92CAD00399E42 /* CICOPathAide.h */ = {isa = PBXFileReference; fileEncoding = 4; lastKnownFileType = sourcecode.c.h; path = CICOPathAide.h; sourceTree = "<group>"; };
		E41F765A20C9302300399E42 /* CICOPersistentDemo.app */ = {isa = PBXFileReference; explicitFileType = wrapper.application; includeInIndex = 0; path = CICOPersistentDemo.app; sourceTree = BUILT_PRODUCTS_DIR; };
		E41F765C20C9302300399E42 /* AppDelegate.swift */ = {isa = PBXFileReference; lastKnownFileType = sourcecode.swift; path = AppDelegate.swift; sourceTree = "<group>"; };
		E41F765E20C9302300399E42 /* ViewController.swift */ = {isa = PBXFileReference; lastKnownFileType = sourcecode.swift; path = ViewController.swift; sourceTree = "<group>"; };
		E41F766120C9302300399E42 /* Base */ = {isa = PBXFileReference; lastKnownFileType = file.storyboard; name = Base; path = Base.lproj/Main.storyboard; sourceTree = "<group>"; };
		E41F766320C9302400399E42 /* Assets.xcassets */ = {isa = PBXFileReference; lastKnownFileType = folder.assetcatalog; path = Assets.xcassets; sourceTree = "<group>"; };
		E41F766620C9302400399E42 /* Base */ = {isa = PBXFileReference; lastKnownFileType = file.storyboard; name = Base; path = Base.lproj/LaunchScreen.storyboard; sourceTree = "<group>"; };
		E41F766820C9302400399E42 /* Info.plist */ = {isa = PBXFileReference; lastKnownFileType = text.plist.xml; path = Info.plist; sourceTree = "<group>"; };
		E41F767120C9327E00399E42 /* PublicPersistentService.swift */ = {isa = PBXFileReference; lastKnownFileType = sourcecode.swift; path = PublicPersistentService.swift; sourceTree = "<group>"; };
		E41F767320C9384300399E42 /* TCodableStruct.swift */ = {isa = PBXFileReference; fileEncoding = 4; lastKnownFileType = sourcecode.swift; path = TCodableStruct.swift; sourceTree = "<group>"; };
		E41F767420C9384300399E42 /* default.json */ = {isa = PBXFileReference; fileEncoding = 4; lastKnownFileType = text.json; path = default.json; sourceTree = "<group>"; };
		E41F767520C9384300399E42 /* TCodableClass.swift */ = {isa = PBXFileReference; fileEncoding = 4; lastKnownFileType = sourcecode.swift; path = TCodableClass.swift; sourceTree = "<group>"; };
		E41F767920C93D3D00399E42 /* TempPersistentService.swift */ = {isa = PBXFileReference; fileEncoding = 4; lastKnownFileType = sourcecode.swift; path = TempPersistentService.swift; sourceTree = "<group>"; };
		E41F767A20C93D3D00399E42 /* CachePersistentService.swift */ = {isa = PBXFileReference; fileEncoding = 4; lastKnownFileType = sourcecode.swift; path = CachePersistentService.swift; sourceTree = "<group>"; };
		E41F767B20C93D3D00399E42 /* PrivatePersistentService.swift */ = {isa = PBXFileReference; fileEncoding = 4; lastKnownFileType = sourcecode.swift; path = PrivatePersistentService.swift; sourceTree = "<group>"; };
		E420CDB220F84EF900D1BA63 /* TypeProperty.swift */ = {isa = PBXFileReference; lastKnownFileType = sourcecode.swift; path = TypeProperty.swift; sourceTree = "<group>"; };
		E42B665B21002DDD006EBAC2 /* SQLiteRecordEncoder.swift */ = {isa = PBXFileReference; lastKnownFileType = sourcecode.swift; path = SQLiteRecordEncoder.swift; sourceTree = "<group>"; };
		E42B66A32102CECE006EBAC2 /* ORMProtocol.swift */ = {isa = PBXFileReference; lastKnownFileType = sourcecode.swift; path = ORMProtocol.swift; sourceTree = "<group>"; };
		E42B66A62102D996006EBAC2 /* PublicORMDBService.swift */ = {isa = PBXFileReference; lastKnownFileType = sourcecode.swift; path = PublicORMDBService.swift; sourceTree = "<group>"; };
		E42B66A82102DD71006EBAC2 /* PrivateORMDBService.swift */ = {isa = PBXFileReference; lastKnownFileType = sourcecode.swift; path = PrivateORMDBService.swift; sourceTree = "<group>"; };
		E42B66AA2102DD82006EBAC2 /* CacheORMDBService.swift */ = {isa = PBXFileReference; lastKnownFileType = sourcecode.swift; path = CacheORMDBService.swift; sourceTree = "<group>"; };
		E42B66AC2102DD90006EBAC2 /* TempORMDBService.swift */ = {isa = PBXFileReference; lastKnownFileType = sourcecode.swift; path = TempORMDBService.swift; sourceTree = "<group>"; };
		E42B66AE2102E320006EBAC2 /* URLKVFileService.swift */ = {isa = PBXFileReference; fileEncoding = 4; lastKnownFileType = sourcecode.swift; path = URLKVFileService.swift; sourceTree = "<group>"; };
		E42B66B02106D269006EBAC2 /* ORMTableInfoModel.swift */ = {isa = PBXFileReference; lastKnownFileType = sourcecode.swift; path = ORMTableInfoModel.swift; sourceTree = "<group>"; };
		E482ED0120CE15E7001FF435 /* FMDB.framework */ = {isa = PBXFileReference; lastKnownFileType = wrapper.framework; name = FMDB.framework; path = Carthage/Build/iOS/FMDB.framework; sourceTree = "<group>"; };
		E482ED0620CE167B001FF435 /* KVDBService.swift */ = {isa = PBXFileReference; lastKnownFileType = sourcecode.swift; path = KVDBService.swift; sourceTree = "<group>"; };
		E482ED0A20CE4E37001FF435 /* PublicKVDBService.swift */ = {isa = PBXFileReference; lastKnownFileType = sourcecode.swift; path = PublicKVDBService.swift; sourceTree = "<group>"; };
		E482ED0C20CF5F64001FF435 /* PrivateKVDBService.swift */ = {isa = PBXFileReference; lastKnownFileType = sourcecode.swift; path = PrivateKVDBService.swift; sourceTree = "<group>"; };
		E482ED0E20CF5FC6001FF435 /* CacheKVDBService.swift */ = {isa = PBXFileReference; lastKnownFileType = sourcecode.swift; path = CacheKVDBService.swift; sourceTree = "<group>"; };
		E482ED1020CF6014001FF435 /* TempKVDBService.swift */ = {isa = PBXFileReference; lastKnownFileType = sourcecode.swift; path = TempKVDBService.swift; sourceTree = "<group>"; };
		E482ED1320CF6950001FF435 /* KVFileService.swift */ = {isa = PBXFileReference; lastKnownFileType = sourcecode.swift; path = KVFileService.swift; sourceTree = "<group>"; };
		E482ED1520CF6F2F001FF435 /* PublicKVFileService.swift */ = {isa = PBXFileReference; lastKnownFileType = sourcecode.swift; path = PublicKVFileService.swift; sourceTree = "<group>"; };
		E482ED1720CF6F3D001FF435 /* PrivateKVFileService.swift */ = {isa = PBXFileReference; lastKnownFileType = sourcecode.swift; path = PrivateKVFileService.swift; sourceTree = "<group>"; };
		E482ED1920CF6F4B001FF435 /* CacheKVFileService.swift */ = {isa = PBXFileReference; lastKnownFileType = sourcecode.swift; path = CacheKVFileService.swift; sourceTree = "<group>"; };
		E482ED1B20CF6F57001FF435 /* TempKVFileService.swift */ = {isa = PBXFileReference; lastKnownFileType = sourcecode.swift; path = TempKVFileService.swift; sourceTree = "<group>"; };
		E484B44820DCA34600FE0AC9 /* ORMDBService.swift */ = {isa = PBXFileReference; lastKnownFileType = sourcecode.swift; path = ORMDBService.swift; sourceTree = "<group>"; };
		E484B45320DDF5A300FE0AC9 /* SwiftyJSON.framework */ = {isa = PBXFileReference; lastKnownFileType = wrapper.framework; name = SwiftyJSON.framework; path = Carthage/Build/iOS/SwiftyJSON.framework; sourceTree = "<group>"; };
		E492B4B120EB188200BC48A4 /* SQLiteType.swift */ = {isa = PBXFileReference; lastKnownFileType = sourcecode.swift; path = SQLiteType.swift; sourceTree = "<group>"; };
		E492B4DC20EC6FB200BC48A4 /* SQLiteTypeDecoder.swift */ = {isa = PBXFileReference; fileEncoding = 4; lastKnownFileType = sourcecode.swift; path = SQLiteTypeDecoder.swift; sourceTree = "<group>"; };
		E492B4DE20EC793400BC48A4 /* CICOAutoCodable.framework */ = {isa = PBXFileReference; lastKnownFileType = wrapper.framework; name = CICOAutoCodable.framework; path = Carthage/Build/iOS/CICOAutoCodable.framework; sourceTree = "<group>"; };
		E49F7CD5210AC18200CF24F0 /* KeyChainService.swift */ = {isa = PBXFileReference; lastKnownFileType = sourcecode.swift; path = KeyChainService.swift; sourceTree = "<group>"; };
		E49F7CD7210ACE8700CF24F0 /* KVKeyChainService.swift */ = {isa = PBXFileReference; lastKnownFileType = sourcecode.swift; path = KVKeyChainService.swift; sourceTree = "<group>"; };
		E49F7CF6210C1CD800CF24F0 /* CICOPersistentDemo.entitlements */ = {isa = PBXFileReference; lastKnownFileType = text.plist.entitlements; path = CICOPersistentDemo.entitlements; sourceTree = "<group>"; };
		E49F7CF8210C447400CF24F0 /* KVJSONAide.swift */ = {isa = PBXFileReference; lastKnownFileType = sourcecode.swift; path = KVJSONAide.swift; sourceTree = "<group>"; };
		E49F7CFC210C640600CF24F0 /* CICOFileManagerAide.h */ = {isa = PBXFileReference; lastKnownFileType = sourcecode.c.h; path = CICOFileManagerAide.h; sourceTree = "<group>"; };
		E49F7CFD210C640600CF24F0 /* CICOFileManagerAide.m */ = {isa = PBXFileReference; lastKnownFileType = sourcecode.c.objc; path = CICOFileManagerAide.m; sourceTree = "<group>"; };
/* End PBXFileReference section */

/* Begin PBXFrameworksBuildPhase section */
		E41F763720C8D2F300399E42 /* Frameworks */ = {
			isa = PBXFrameworksBuildPhase;
			buildActionMask = 2147483647;
			files = (
				E484B45420DDF5A300FE0AC9 /* SwiftyJSON.framework in Frameworks */,
				E482ED0220CE15E7001FF435 /* FMDB.framework in Frameworks */,
				E492B4DF20EC793500BC48A4 /* CICOAutoCodable.framework in Frameworks */,
			);
			runOnlyForDeploymentPostprocessing = 0;
		};
		E41F765720C9302300399E42 /* Frameworks */ = {
			isa = PBXFrameworksBuildPhase;
			buildActionMask = 2147483647;
			files = (
				E41F766C20C9313000399E42 /* CICOPersistent.framework in Frameworks */,
				E482ED0320CE15EF001FF435 /* FMDB.framework in Frameworks */,
				E492B4E020EC7BDB00BC48A4 /* CICOAutoCodable.framework in Frameworks */,
				E484B45520DE287E00FE0AC9 /* SwiftyJSON.framework in Frameworks */,
			);
			runOnlyForDeploymentPostprocessing = 0;
		};
/* End PBXFrameworksBuildPhase section */

/* Begin PBXGroup section */
		E41F763120C8D2F300399E42 = {
			isa = PBXGroup;
			children = (
				E482ECFE20CE15B4001FF435 /* Frameworks */,
				E41F763D20C8D2F300399E42 /* CICOPersistent */,
				E41F765B20C9302300399E42 /* CICOPersistentDemo */,
				E41F763C20C8D2F300399E42 /* Products */,
			);
			sourceTree = "<group>";
		};
		E41F763C20C8D2F300399E42 /* Products */ = {
			isa = PBXGroup;
			children = (
				E41F763B20C8D2F300399E42 /* CICOPersistent.framework */,
				E41F765A20C9302300399E42 /* CICOPersistentDemo.app */,
			);
			name = Products;
			sourceTree = "<group>";
		};
		E41F763D20C8D2F300399E42 /* CICOPersistent */ = {
			isa = PBXGroup;
			children = (
				E49F7CF7210C20EE00CF24F0 /* key_value_aide */,
				E482ED0520CE1613001FF435 /* key_value_db */,
				E482ED1220CF6902001FF435 /* key_value_file */,
				E49F7CD3210AC14E00CF24F0 /* key_value_key_chain */,
				E41F764D20C9222500399E42 /* main */,
				E484B44720DCA0E400FE0AC9 /* orm_db */,
				E41F764E20C9223000399E42 /* persistent */,
				E49F7D00210C66B900CF24F0 /* tool */,
			);
			path = CICOPersistent;
			sourceTree = "<group>";
		};
		E41F764820C9221C00399E42 /* security */ = {
			isa = PBXGroup;
			children = (
				E41F764920C9221C00399E42 /* CICOSecurityAide.h */,
				E41F764A20C9221C00399E42 /* CICOSecurityAide.m */,
			);
			path = security;
			sourceTree = "<group>";
		};
		E41F764D20C9222500399E42 /* main */ = {
			isa = PBXGroup;
			children = (
				E41F763E20C8D2F300399E42 /* CICOPersistent.h */,
				E41F763F20C8D2F300399E42 /* Info.plist */,
			);
			path = main;
			sourceTree = "<group>";
		};
		E41F764E20C9223000399E42 /* persistent */ = {
			isa = PBXGroup;
			children = (
				E41F764620C8D32A00399E42 /* PersistentService.swift */,
				E41F767120C9327E00399E42 /* PublicPersistentService.swift */,
				E41F767B20C93D3D00399E42 /* PrivatePersistentService.swift */,
				E41F767A20C93D3D00399E42 /* CachePersistentService.swift */,
				E41F767920C93D3D00399E42 /* TempPersistentService.swift */,
			);
			path = persistent;
			sourceTree = "<group>";
		};
		E41F765120C92CAD00399E42 /* path */ = {
			isa = PBXGroup;
			children = (
				E49F7CFC210C640600CF24F0 /* CICOFileManagerAide.h */,
				E49F7CFD210C640600CF24F0 /* CICOFileManagerAide.m */,
				E41F765320C92CAD00399E42 /* CICOPathAide.h */,
				E41F765220C92CAD00399E42 /* CICOPathAide.m */,
			);
			path = path;
			sourceTree = "<group>";
		};
		E41F765B20C9302300399E42 /* CICOPersistentDemo */ = {
			isa = PBXGroup;
			children = (
				E49F7CF6210C1CD800CF24F0 /* CICOPersistentDemo.entitlements */,
				E41F765C20C9302300399E42 /* AppDelegate.swift */,
				E41F765E20C9302300399E42 /* ViewController.swift */,
				E41F767420C9384300399E42 /* default.json */,
				E41F767520C9384300399E42 /* TCodableClass.swift */,
				E41F767320C9384300399E42 /* TCodableStruct.swift */,
				E41F766020C9302300399E42 /* Main.storyboard */,
				E41F766320C9302400399E42 /* Assets.xcassets */,
				E41F766520C9302400399E42 /* LaunchScreen.storyboard */,
				E41F766820C9302400399E42 /* Info.plist */,
			);
			path = CICOPersistentDemo;
			sourceTree = "<group>";
		};
		E42B66A52102D547006EBAC2 /* internal */ = {
			isa = PBXGroup;
			children = (
				E42B66B02106D269006EBAC2 /* ORMTableInfoModel.swift */,
				E41958BA20F8971D007EA4B4 /* SQLiteRecordDecoder.swift */,
				E42B665B21002DDD006EBAC2 /* SQLiteRecordEncoder.swift */,
				E492B4B120EB188200BC48A4 /* SQLiteType.swift */,
				E492B4DC20EC6FB200BC48A4 /* SQLiteTypeDecoder.swift */,
				E420CDB220F84EF900D1BA63 /* TypeProperty.swift */,
			);
			path = internal;
			sourceTree = "<group>";
		};
		E482ECFE20CE15B4001FF435 /* Frameworks */ = {
			isa = PBXGroup;
			children = (
				E482ED0020CE15D5001FF435 /* Carthage */,
			);
			name = Frameworks;
			sourceTree = "<group>";
		};
		E482ED0020CE15D5001FF435 /* Carthage */ = {
			isa = PBXGroup;
			children = (
				E492B4DE20EC793400BC48A4 /* CICOAutoCodable.framework */,
				E482ED0120CE15E7001FF435 /* FMDB.framework */,
				E484B45320DDF5A300FE0AC9 /* SwiftyJSON.framework */,
			);
			name = Carthage;
			sourceTree = "<group>";
		};
		E482ED0520CE1613001FF435 /* key_value_db */ = {
			isa = PBXGroup;
			children = (
				E482ED0620CE167B001FF435 /* KVDBService.swift */,
				E482ED0A20CE4E37001FF435 /* PublicKVDBService.swift */,
				E482ED0C20CF5F64001FF435 /* PrivateKVDBService.swift */,
				E482ED0E20CF5FC6001FF435 /* CacheKVDBService.swift */,
				E482ED1020CF6014001FF435 /* TempKVDBService.swift */,
			);
			path = key_value_db;
			sourceTree = "<group>";
		};
		E482ED1220CF6902001FF435 /* key_value_file */ = {
			isa = PBXGroup;
			children = (
				E42B66AE2102E320006EBAC2 /* URLKVFileService.swift */,
				E482ED1320CF6950001FF435 /* KVFileService.swift */,
				E482ED1520CF6F2F001FF435 /* PublicKVFileService.swift */,
				E482ED1720CF6F3D001FF435 /* PrivateKVFileService.swift */,
				E482ED1920CF6F4B001FF435 /* CacheKVFileService.swift */,
				E482ED1B20CF6F57001FF435 /* TempKVFileService.swift */,
			);
			path = key_value_file;
			sourceTree = "<group>";
		};
		E484B44720DCA0E400FE0AC9 /* orm_db */ = {
			isa = PBXGroup;
			children = (
				E42B66A52102D547006EBAC2 /* internal */,
				E484B44820DCA34600FE0AC9 /* ORMDBService.swift */,
				E42B66A62102D996006EBAC2 /* PublicORMDBService.swift */,
				E42B66A82102DD71006EBAC2 /* PrivateORMDBService.swift */,
				E42B66AA2102DD82006EBAC2 /* CacheORMDBService.swift */,
				E42B66AC2102DD90006EBAC2 /* TempORMDBService.swift */,
				E42B66A32102CECE006EBAC2 /* ORMProtocol.swift */,
			);
			path = orm_db;
			sourceTree = "<group>";
		};
		E49F7CD3210AC14E00CF24F0 /* key_value_key_chain */ = {
			isa = PBXGroup;
			children = (
				E49F7CD4210AC16200CF24F0 /* internal */,
				E49F7CD7210ACE8700CF24F0 /* KVKeyChainService.swift */,
			);
			path = key_value_key_chain;
			sourceTree = "<group>";
		};
		E49F7CD4210AC16200CF24F0 /* internal */ = {
			isa = PBXGroup;
			children = (
				E49F7CD5210AC18200CF24F0 /* KeyChainService.swift */,
			);
			path = internal;
			sourceTree = "<group>";
		};
		E49F7CF7210C20EE00CF24F0 /* key_value_aide */ = {
			isa = PBXGroup;
			children = (
				E49F7CF8210C447400CF24F0 /* KVJSONAide.swift */,
			);
			path = key_value_aide;
			sourceTree = "<group>";
		};
		E49F7D00210C66B900CF24F0 /* tool */ = {
			isa = PBXGroup;
			children = (
				E41F765120C92CAD00399E42 /* path */,
				E41F764820C9221C00399E42 /* security */,
			);
			path = tool;
			sourceTree = "<group>";
		};
/* End PBXGroup section */

/* Begin PBXHeadersBuildPhase section */
		E41F763820C8D2F300399E42 /* Headers */ = {
			isa = PBXHeadersBuildPhase;
			buildActionMask = 2147483647;
			files = (
				E41F764B20C9221C00399E42 /* CICOSecurityAide.h in Headers */,
				E41F765520C92CAD00399E42 /* CICOPathAide.h in Headers */,
				E49F7CFE210C640600CF24F0 /* CICOFileManagerAide.h in Headers */,
				E41F764020C8D2F300399E42 /* CICOPersistent.h in Headers */,
			);
			runOnlyForDeploymentPostprocessing = 0;
		};
/* End PBXHeadersBuildPhase section */

/* Begin PBXNativeTarget section */
		E41F763A20C8D2F300399E42 /* CICOPersistent */ = {
			isa = PBXNativeTarget;
			buildConfigurationList = E41F764320C8D2F300399E42 /* Build configuration list for PBXNativeTarget "CICOPersistent" */;
			buildPhases = (
				E41F763620C8D2F300399E42 /* Sources */,
				E41F763720C8D2F300399E42 /* Frameworks */,
				E41F763820C8D2F300399E42 /* Headers */,
				E41F763920C8D2F300399E42 /* Resources */,
			);
			buildRules = (
			);
			dependencies = (
			);
			name = CICOPersistent;
			productName = CICOPersistent;
			productReference = E41F763B20C8D2F300399E42 /* CICOPersistent.framework */;
			productType = "com.apple.product-type.framework";
		};
		E41F765920C9302300399E42 /* CICOPersistentDemo */ = {
			isa = PBXNativeTarget;
			buildConfigurationList = E41F766920C9302400399E42 /* Build configuration list for PBXNativeTarget "CICOPersistentDemo" */;
			buildPhases = (
				E41F765620C9302300399E42 /* Sources */,
				E41F765720C9302300399E42 /* Frameworks */,
				E41F765820C9302300399E42 /* Resources */,
				E41F767020C9313000399E42 /* Embed Frameworks */,
			);
			buildRules = (
			);
			dependencies = (
				E41F766F20C9313000399E42 /* PBXTargetDependency */,
			);
			name = CICOPersistentDemo;
			productName = CICOPersistentDemo;
			productReference = E41F765A20C9302300399E42 /* CICOPersistentDemo.app */;
			productType = "com.apple.product-type.application";
		};
/* End PBXNativeTarget section */

/* Begin PBXProject section */
		E41F763220C8D2F300399E42 /* Project object */ = {
			isa = PBXProject;
			attributes = {
				LastSwiftUpdateCheck = 0930;
				LastUpgradeCheck = 0930;
				ORGANIZATIONNAME = cico;
				TargetAttributes = {
					E41F763A20C8D2F300399E42 = {
						CreatedOnToolsVersion = 9.3;
						LastSwiftMigration = 0930;
					};
					E41F765920C9302300399E42 = {
						CreatedOnToolsVersion = 9.3;
						SystemCapabilities = {
							com.apple.Keychain = {
								enabled = 1;
							};
						};
					};
				};
			};
			buildConfigurationList = E41F763520C8D2F300399E42 /* Build configuration list for PBXProject "CICOPersistent" */;
			compatibilityVersion = "Xcode 9.3";
			developmentRegion = en;
			hasScannedForEncodings = 0;
			knownRegions = (
				en,
				Base,
			);
			mainGroup = E41F763120C8D2F300399E42;
			productRefGroup = E41F763C20C8D2F300399E42 /* Products */;
			projectDirPath = "";
			projectRoot = "";
			targets = (
				E41F763A20C8D2F300399E42 /* CICOPersistent */,
				E41F765920C9302300399E42 /* CICOPersistentDemo */,
			);
		};
/* End PBXProject section */

/* Begin PBXResourcesBuildPhase section */
		E41F763920C8D2F300399E42 /* Resources */ = {
			isa = PBXResourcesBuildPhase;
			buildActionMask = 2147483647;
			files = (
			);
			runOnlyForDeploymentPostprocessing = 0;
		};
		E41F765820C9302300399E42 /* Resources */ = {
			isa = PBXResourcesBuildPhase;
			buildActionMask = 2147483647;
			files = (
				E41F766720C9302400399E42 /* LaunchScreen.storyboard in Resources */,
				E41F767720C9384300399E42 /* default.json in Resources */,
				E41F766420C9302400399E42 /* Assets.xcassets in Resources */,
				E41F766220C9302300399E42 /* Main.storyboard in Resources */,
			);
			runOnlyForDeploymentPostprocessing = 0;
		};
/* End PBXResourcesBuildPhase section */

/* Begin PBXSourcesBuildPhase section */
		E41F763620C8D2F300399E42 /* Sources */ = {
			isa = PBXSourcesBuildPhase;
			buildActionMask = 2147483647;
			files = (
				E41F767E20C93D3D00399E42 /* PrivatePersistentService.swift in Sources */,
				E42B66B12106D269006EBAC2 /* ORMTableInfoModel.swift in Sources */,
				E482ED1820CF6F3D001FF435 /* PrivateKVFileService.swift in Sources */,
				E482ED0F20CF5FC6001FF435 /* CacheKVDBService.swift in Sources */,
				E49F7CFF210C640600CF24F0 /* CICOFileManagerAide.m in Sources */,
				E492B4B220EB188200BC48A4 /* SQLiteType.swift in Sources */,
				E42B66AB2102DD82006EBAC2 /* CacheORMDBService.swift in Sources */,
				E42B66A92102DD71006EBAC2 /* PrivateORMDBService.swift in Sources */,
				E42B66AD2102DD90006EBAC2 /* TempORMDBService.swift in Sources */,
				E49F7CD6210AC18200CF24F0 /* KeyChainService.swift in Sources */,
				E482ED0720CE167B001FF435 /* KVDBService.swift in Sources */,
				E41F767D20C93D3D00399E42 /* CachePersistentService.swift in Sources */,
				E42B66A42102CECE006EBAC2 /* ORMProtocol.swift in Sources */,
				E41F764720C8D32A00399E42 /* PersistentService.swift in Sources */,
				E42B66A72102D996006EBAC2 /* PublicORMDBService.swift in Sources */,
				E49F7CF9210C447400CF24F0 /* KVJSONAide.swift in Sources */,
				E482ED1620CF6F2F001FF435 /* PublicKVFileService.swift in Sources */,
				E41F767220C9327E00399E42 /* PublicPersistentService.swift in Sources */,
				E41F765420C92CAD00399E42 /* CICOPathAide.m in Sources */,
				E482ED1C20CF6F57001FF435 /* TempKVFileService.swift in Sources */,
				E49F7CD8210ACE8700CF24F0 /* KVKeyChainService.swift in Sources */,
				E482ED1120CF6014001FF435 /* TempKVDBService.swift in Sources */,
				E41F767C20C93D3D00399E42 /* TempPersistentService.swift in Sources */,
				E492B4DD20EC6FB200BC48A4 /* SQLiteTypeDecoder.swift in Sources */,
				E482ED1A20CF6F4B001FF435 /* CacheKVFileService.swift in Sources */,
				E482ED1420CF6950001FF435 /* KVFileService.swift in Sources */,
				E42B66AF2102E320006EBAC2 /* URLKVFileService.swift in Sources */,
				E484B44920DCA34600FE0AC9 /* ORMDBService.swift in Sources */,
				E41F764C20C9221C00399E42 /* CICOSecurityAide.m in Sources */,
				E42B665C21002DDD006EBAC2 /* SQLiteRecordEncoder.swift in Sources */,
				E482ED0B20CE4E37001FF435 /* PublicKVDBService.swift in Sources */,
				E420CDB320F84EF900D1BA63 /* TypeProperty.swift in Sources */,
				E41958BB20F8971D007EA4B4 /* SQLiteRecordDecoder.swift in Sources */,
				E482ED0D20CF5F64001FF435 /* PrivateKVDBService.swift in Sources */,
			);
			runOnlyForDeploymentPostprocessing = 0;
		};
		E41F765620C9302300399E42 /* Sources */ = {
			isa = PBXSourcesBuildPhase;
			buildActionMask = 2147483647;
			files = (
				E41F767620C9384300399E42 /* TCodableStruct.swift in Sources */,
				E41F765F20C9302300399E42 /* ViewController.swift in Sources */,
				E41F767820C9384300399E42 /* TCodableClass.swift in Sources */,
				E41F765D20C9302300399E42 /* AppDelegate.swift in Sources */,
			);
			runOnlyForDeploymentPostprocessing = 0;
		};
/* End PBXSourcesBuildPhase section */

/* Begin PBXTargetDependency section */
		E41F766F20C9313000399E42 /* PBXTargetDependency */ = {
			isa = PBXTargetDependency;
			target = E41F763A20C8D2F300399E42 /* CICOPersistent */;
			targetProxy = E41F766E20C9313000399E42 /* PBXContainerItemProxy */;
		};
/* End PBXTargetDependency section */

/* Begin PBXVariantGroup section */
		E41F766020C9302300399E42 /* Main.storyboard */ = {
			isa = PBXVariantGroup;
			children = (
				E41F766120C9302300399E42 /* Base */,
			);
			name = Main.storyboard;
			sourceTree = "<group>";
		};
		E41F766520C9302400399E42 /* LaunchScreen.storyboard */ = {
			isa = PBXVariantGroup;
			children = (
				E41F766620C9302400399E42 /* Base */,
			);
			name = LaunchScreen.storyboard;
			sourceTree = "<group>";
		};
/* End PBXVariantGroup section */

/* Begin XCBuildConfiguration section */
		E41F764120C8D2F300399E42 /* Debug */ = {
			isa = XCBuildConfiguration;
			buildSettings = {
				ALWAYS_SEARCH_USER_PATHS = NO;
				CLANG_ANALYZER_NONNULL = YES;
				CLANG_ANALYZER_NUMBER_OBJECT_CONVERSION = YES_AGGRESSIVE;
				CLANG_CXX_LANGUAGE_STANDARD = "gnu++14";
				CLANG_CXX_LIBRARY = "libc++";
				CLANG_ENABLE_MODULES = YES;
				CLANG_ENABLE_OBJC_ARC = YES;
				CLANG_ENABLE_OBJC_WEAK = YES;
				CLANG_WARN_BLOCK_CAPTURE_AUTORELEASING = YES;
				CLANG_WARN_BOOL_CONVERSION = YES;
				CLANG_WARN_COMMA = YES;
				CLANG_WARN_CONSTANT_CONVERSION = YES;
				CLANG_WARN_DEPRECATED_OBJC_IMPLEMENTATIONS = YES;
				CLANG_WARN_DIRECT_OBJC_ISA_USAGE = YES_ERROR;
				CLANG_WARN_DOCUMENTATION_COMMENTS = YES;
				CLANG_WARN_EMPTY_BODY = YES;
				CLANG_WARN_ENUM_CONVERSION = YES;
				CLANG_WARN_INFINITE_RECURSION = YES;
				CLANG_WARN_INT_CONVERSION = YES;
				CLANG_WARN_NON_LITERAL_NULL_CONVERSION = YES;
				CLANG_WARN_OBJC_IMPLICIT_RETAIN_SELF = YES;
				CLANG_WARN_OBJC_LITERAL_CONVERSION = YES;
				CLANG_WARN_OBJC_ROOT_CLASS = YES_ERROR;
				CLANG_WARN_RANGE_LOOP_ANALYSIS = YES;
				CLANG_WARN_STRICT_PROTOTYPES = YES;
				CLANG_WARN_SUSPICIOUS_MOVE = YES;
				CLANG_WARN_UNGUARDED_AVAILABILITY = YES_AGGRESSIVE;
				CLANG_WARN_UNREACHABLE_CODE = YES;
				CLANG_WARN__DUPLICATE_METHOD_MATCH = YES;
				CODE_SIGN_IDENTITY = "iPhone Developer";
				COPY_PHASE_STRIP = NO;
				CURRENT_PROJECT_VERSION = 1;
				DEBUG_INFORMATION_FORMAT = dwarf;
				ENABLE_STRICT_OBJC_MSGSEND = YES;
				ENABLE_TESTABILITY = YES;
				GCC_C_LANGUAGE_STANDARD = gnu11;
				GCC_DYNAMIC_NO_PIC = NO;
				GCC_NO_COMMON_BLOCKS = YES;
				GCC_OPTIMIZATION_LEVEL = 0;
				GCC_PREPROCESSOR_DEFINITIONS = (
					"DEBUG=1",
					"$(inherited)",
				);
				GCC_WARN_64_TO_32_BIT_CONVERSION = YES;
				GCC_WARN_ABOUT_RETURN_TYPE = YES_ERROR;
				GCC_WARN_UNDECLARED_SELECTOR = YES;
				GCC_WARN_UNINITIALIZED_AUTOS = YES_AGGRESSIVE;
				GCC_WARN_UNUSED_FUNCTION = YES;
				GCC_WARN_UNUSED_VARIABLE = YES;
				IPHONEOS_DEPLOYMENT_TARGET = 11.3;
				MTL_ENABLE_DEBUG_INFO = YES;
				ONLY_ACTIVE_ARCH = YES;
				SDKROOT = iphoneos;
				SWIFT_ACTIVE_COMPILATION_CONDITIONS = DEBUG;
				SWIFT_OPTIMIZATION_LEVEL = "-Onone";
				VERSIONING_SYSTEM = "apple-generic";
				VERSION_INFO_PREFIX = "";
			};
			name = Debug;
		};
		E41F764220C8D2F300399E42 /* Release */ = {
			isa = XCBuildConfiguration;
			buildSettings = {
				ALWAYS_SEARCH_USER_PATHS = NO;
				CLANG_ANALYZER_NONNULL = YES;
				CLANG_ANALYZER_NUMBER_OBJECT_CONVERSION = YES_AGGRESSIVE;
				CLANG_CXX_LANGUAGE_STANDARD = "gnu++14";
				CLANG_CXX_LIBRARY = "libc++";
				CLANG_ENABLE_MODULES = YES;
				CLANG_ENABLE_OBJC_ARC = YES;
				CLANG_ENABLE_OBJC_WEAK = YES;
				CLANG_WARN_BLOCK_CAPTURE_AUTORELEASING = YES;
				CLANG_WARN_BOOL_CONVERSION = YES;
				CLANG_WARN_COMMA = YES;
				CLANG_WARN_CONSTANT_CONVERSION = YES;
				CLANG_WARN_DEPRECATED_OBJC_IMPLEMENTATIONS = YES;
				CLANG_WARN_DIRECT_OBJC_ISA_USAGE = YES_ERROR;
				CLANG_WARN_DOCUMENTATION_COMMENTS = YES;
				CLANG_WARN_EMPTY_BODY = YES;
				CLANG_WARN_ENUM_CONVERSION = YES;
				CLANG_WARN_INFINITE_RECURSION = YES;
				CLANG_WARN_INT_CONVERSION = YES;
				CLANG_WARN_NON_LITERAL_NULL_CONVERSION = YES;
				CLANG_WARN_OBJC_IMPLICIT_RETAIN_SELF = YES;
				CLANG_WARN_OBJC_LITERAL_CONVERSION = YES;
				CLANG_WARN_OBJC_ROOT_CLASS = YES_ERROR;
				CLANG_WARN_RANGE_LOOP_ANALYSIS = YES;
				CLANG_WARN_STRICT_PROTOTYPES = YES;
				CLANG_WARN_SUSPICIOUS_MOVE = YES;
				CLANG_WARN_UNGUARDED_AVAILABILITY = YES_AGGRESSIVE;
				CLANG_WARN_UNREACHABLE_CODE = YES;
				CLANG_WARN__DUPLICATE_METHOD_MATCH = YES;
				CODE_SIGN_IDENTITY = "iPhone Developer";
				COPY_PHASE_STRIP = NO;
				CURRENT_PROJECT_VERSION = 1;
				DEBUG_INFORMATION_FORMAT = "dwarf-with-dsym";
				ENABLE_NS_ASSERTIONS = NO;
				ENABLE_STRICT_OBJC_MSGSEND = YES;
				GCC_C_LANGUAGE_STANDARD = gnu11;
				GCC_NO_COMMON_BLOCKS = YES;
				GCC_WARN_64_TO_32_BIT_CONVERSION = YES;
				GCC_WARN_ABOUT_RETURN_TYPE = YES_ERROR;
				GCC_WARN_UNDECLARED_SELECTOR = YES;
				GCC_WARN_UNINITIALIZED_AUTOS = YES_AGGRESSIVE;
				GCC_WARN_UNUSED_FUNCTION = YES;
				GCC_WARN_UNUSED_VARIABLE = YES;
				IPHONEOS_DEPLOYMENT_TARGET = 11.3;
				MTL_ENABLE_DEBUG_INFO = NO;
				SDKROOT = iphoneos;
				SWIFT_COMPILATION_MODE = wholemodule;
				SWIFT_OPTIMIZATION_LEVEL = "-O";
				VALIDATE_PRODUCT = YES;
				VERSIONING_SYSTEM = "apple-generic";
				VERSION_INFO_PREFIX = "";
			};
			name = Release;
		};
		E41F764420C8D2F300399E42 /* Debug */ = {
			isa = XCBuildConfiguration;
			buildSettings = {
				CLANG_ENABLE_MODULES = YES;
				CODE_SIGN_IDENTITY = "";
				CODE_SIGN_STYLE = Automatic;
				DEFINES_MODULE = YES;
				DYLIB_COMPATIBILITY_VERSION = 1;
				DYLIB_CURRENT_VERSION = 1;
				DYLIB_INSTALL_NAME_BASE = "@rpath";
				FRAMEWORK_SEARCH_PATHS = (
					"$(inherited)",
					"$(PROJECT_DIR)/Carthage/Build/iOS",
				);
				INFOPLIST_FILE = CICOPersistent/main/Info.plist;
				INSTALL_PATH = "$(LOCAL_LIBRARY_DIR)/Frameworks";
				IPHONEOS_DEPLOYMENT_TARGET = 8.0;
				LD_RUNPATH_SEARCH_PATHS = (
					"$(inherited)",
					"@executable_path/Frameworks",
					"@loader_path/Frameworks",
				);
				PRODUCT_BUNDLE_IDENTIFIER = com.cico.CICOPersistent;
				PRODUCT_NAME = "$(TARGET_NAME:c99extidentifier)";
				SKIP_INSTALL = YES;
				SWIFT_OPTIMIZATION_LEVEL = "-Onone";
				SWIFT_VERSION = 4.0;
				TARGETED_DEVICE_FAMILY = "1,2";
			};
			name = Debug;
		};
		E41F764520C8D2F300399E42 /* Release */ = {
			isa = XCBuildConfiguration;
			buildSettings = {
				CLANG_ENABLE_MODULES = YES;
				CODE_SIGN_IDENTITY = "";
				CODE_SIGN_STYLE = Automatic;
				DEFINES_MODULE = YES;
				DYLIB_COMPATIBILITY_VERSION = 1;
				DYLIB_CURRENT_VERSION = 1;
				DYLIB_INSTALL_NAME_BASE = "@rpath";
				FRAMEWORK_SEARCH_PATHS = (
					"$(inherited)",
					"$(PROJECT_DIR)/Carthage/Build/iOS",
				);
				INFOPLIST_FILE = CICOPersistent/main/Info.plist;
				INSTALL_PATH = "$(LOCAL_LIBRARY_DIR)/Frameworks";
				IPHONEOS_DEPLOYMENT_TARGET = 8.0;
				LD_RUNPATH_SEARCH_PATHS = (
					"$(inherited)",
					"@executable_path/Frameworks",
					"@loader_path/Frameworks",
				);
				PRODUCT_BUNDLE_IDENTIFIER = com.cico.CICOPersistent;
				PRODUCT_NAME = "$(TARGET_NAME:c99extidentifier)";
				SKIP_INSTALL = YES;
				SWIFT_VERSION = 4.0;
				TARGETED_DEVICE_FAMILY = "1,2";
			};
			name = Release;
		};
		E41F766A20C9302400399E42 /* Debug */ = {
			isa = XCBuildConfiguration;
			buildSettings = {
				ALWAYS_EMBED_SWIFT_STANDARD_LIBRARIES = YES;
				ASSETCATALOG_COMPILER_APPICON_NAME = AppIcon;
				CODE_SIGN_ENTITLEMENTS = CICOPersistentDemo/CICOPersistentDemo.entitlements;
				CODE_SIGN_STYLE = Automatic;
				DEVELOPMENT_TEAM = UBX9CH9GDX;
				FRAMEWORK_SEARCH_PATHS = (
					"$(inherited)",
					"$(PROJECT_DIR)/Carthage/Build/iOS",
				);
				INFOPLIST_FILE = CICOPersistentDemo/Info.plist;
				IPHONEOS_DEPLOYMENT_TARGET = 11.0;
				LD_RUNPATH_SEARCH_PATHS = (
					"$(inherited)",
					"@executable_path/Frameworks",
				);
				PRODUCT_BUNDLE_IDENTIFIER = com.cico.CICOPersistentDemo;
				PRODUCT_NAME = "$(TARGET_NAME)";
				SWIFT_VERSION = 4.0;
				TARGETED_DEVICE_FAMILY = "1,2";
			};
			name = Debug;
		};
		E41F766B20C9302400399E42 /* Release */ = {
			isa = XCBuildConfiguration;
			buildSettings = {
				ALWAYS_EMBED_SWIFT_STANDARD_LIBRARIES = YES;
				ASSETCATALOG_COMPILER_APPICON_NAME = AppIcon;
				CODE_SIGN_ENTITLEMENTS = CICOPersistentDemo/CICOPersistentDemo.entitlements;
				CODE_SIGN_STYLE = Automatic;
				DEVELOPMENT_TEAM = UBX9CH9GDX;
				FRAMEWORK_SEARCH_PATHS = (
					"$(inherited)",
					"$(PROJECT_DIR)/Carthage/Build/iOS",
				);
				INFOPLIST_FILE = CICOPersistentDemo/Info.plist;
				IPHONEOS_DEPLOYMENT_TARGET = 11.0;
				LD_RUNPATH_SEARCH_PATHS = (
					"$(inherited)",
					"@executable_path/Frameworks",
				);
				PRODUCT_BUNDLE_IDENTIFIER = com.cico.CICOPersistentDemo;
				PRODUCT_NAME = "$(TARGET_NAME)";
				SWIFT_VERSION = 4.0;
				TARGETED_DEVICE_FAMILY = "1,2";
			};
			name = Release;
		};
/* End XCBuildConfiguration section */

/* Begin XCConfigurationList section */
		E41F763520C8D2F300399E42 /* Build configuration list for PBXProject "CICOPersistent" */ = {
			isa = XCConfigurationList;
			buildConfigurations = (
				E41F764120C8D2F300399E42 /* Debug */,
				E41F764220C8D2F300399E42 /* Release */,
			);
			defaultConfigurationIsVisible = 0;
			defaultConfigurationName = Release;
		};
		E41F764320C8D2F300399E42 /* Build configuration list for PBXNativeTarget "CICOPersistent" */ = {
			isa = XCConfigurationList;
			buildConfigurations = (
				E41F764420C8D2F300399E42 /* Debug */,
				E41F764520C8D2F300399E42 /* Release */,
			);
			defaultConfigurationIsVisible = 0;
			defaultConfigurationName = Release;
		};
		E41F766920C9302400399E42 /* Build configuration list for PBXNativeTarget "CICOPersistentDemo" */ = {
			isa = XCConfigurationList;
			buildConfigurations = (
				E41F766A20C9302400399E42 /* Debug */,
				E41F766B20C9302400399E42 /* Release */,
			);
			defaultConfigurationIsVisible = 0;
			defaultConfigurationName = Release;
		};
/* End XCConfigurationList section */
	};
	rootObject = E41F763220C8D2F300399E42 /* Project object */;
}
