// !$*UTF8*$!
{
	archiveVersion = 1;
	classes = {
	};
	objectVersion = 70;
	objects = {

/* Begin PBXBuildFile section */
		961B77332744E04A00194504 /* CICOFoundationKit.xcframework in Frameworks */ = {isa = PBXBuildFile; fileRef = 961B772F2744E04A00194504 /* CICOFoundationKit.xcframework */; };
		961B773C2744E04A00194504 /* CICOAutoCodable.xcframework in Frameworks */ = {isa = PBXBuildFile; fileRef = 961B77322744E04A00194504 /* CICOAutoCodable.xcframework */; };
		961B773F2744E05800194504 /* CICOAutoCodable.xcframework in Frameworks */ = {isa = PBXBuildFile; fileRef = 961B77322744E04A00194504 /* CICOAutoCodable.xcframework */; };
		961B77402744E05800194504 /* CICOAutoCodable.xcframework in Embed Frameworks */ = {isa = PBXBuildFile; fileRef = 961B77322744E04A00194504 /* CICOAutoCodable.xcframework */; settings = {ATTRIBUTES = (CodeSignOnCopy, RemoveHeadersOnCopy, ); }; };
		961B77412744E05900194504 /* CICOFoundationKit.xcframework in Frameworks */ = {isa = PBXBuildFile; fileRef = 961B772F2744E04A00194504 /* CICOFoundationKit.xcframework */; };
		961B77422744E05900194504 /* CICOFoundationKit.xcframework in Embed Frameworks */ = {isa = PBXBuildFile; fileRef = 961B772F2744E04A00194504 /* CICOFoundationKit.xcframework */; settings = {ATTRIBUTES = (CodeSignOnCopy, RemoveHeadersOnCopy, ); }; };
		9628CD692CDC9EE100965DC1 /* CICOPersistent.framework in Frameworks */ = {isa = PBXBuildFile; fileRef = E41F763B20C8D2F300399E42 /* CICOPersistent.framework */; };
		9628CD7B2CDCA56300965DC1 /* FMDB.xcframework in Frameworks */ = {isa = PBXBuildFile; fileRef = 9628CD772CDCA4F000965DC1 /* FMDB.xcframework */; };
		9628CD7D2CDCA56300965DC1 /* SQLCipher.xcframework in Frameworks */ = {isa = PBXBuildFile; fileRef = 9628CD782CDCA4F000965DC1 /* SQLCipher.xcframework */; };
		9628CD802CDCABA900965DC1 /* JSONStringAide.swift in Sources */ = {isa = PBXBuildFile; fileRef = E4FD6DB621153E8600ECAF4E /* JSONStringAide.swift */; };
		9628CD812CDCABC000965DC1 /* TCodableClass.swift in Sources */ = {isa = PBXBuildFile; fileRef = E41F767520C9384300399E42 /* TCodableClass.swift */; };
		9628CD822CDCAC8000965DC1 /* AutoEquatable.generated.swift in Sources */ = {isa = PBXBuildFile; fileRef = E4FD6DC62115569000ECAF4E /* AutoEquatable.generated.swift */; };
		9628CD832CDCACE100965DC1 /* TMemoryBytes.swift in Sources */ = {isa = PBXBuildFile; fileRef = E4E6380823600636009DE3A5 /* TMemoryBytes.swift */; };
		9628CD842CDCACE900965DC1 /* TCodableStruct.swift in Sources */ = {isa = PBXBuildFile; fileRef = E41F767320C9384300399E42 /* TCodableStruct.swift */; };
		9628CD852CDCAEBF00965DC1 /* AutoEquatable.swift in Sources */ = {isa = PBXBuildFile; fileRef = E4FD6DC3211555F900ECAF4E /* AutoEquatable.swift */; };
		9628CD862CDCAED000965DC1 /* MyClass.swift in Sources */ = {isa = PBXBuildFile; fileRef = E4FD6DF6211C34DE00ECAF4E /* MyClass.swift */; };
		9628CD872CDCAFB800965DC1 /* default.json in Resources */ = {isa = PBXBuildFile; fileRef = E41F767420C9384300399E42 /* default.json */; };
		9628CD882CDCAFB800965DC1 /* my.json in Resources */ = {isa = PBXBuildFile; fileRef = E4FD6DF5211C34DE00ECAF4E /* my.json */; };
		9628CD942CDCB05D00965DC1 /* CICOPersistentStandard.framework in Frameworks */ = {isa = PBXBuildFile; fileRef = 9628CD8E2CDCB05C00965DC1 /* CICOPersistentStandard.framework */; };
		9628CD952CDCB05D00965DC1 /* CICOPersistentStandard.framework in Embed Frameworks */ = {isa = PBXBuildFile; fileRef = 9628CD8E2CDCB05C00965DC1 /* CICOPersistentStandard.framework */; settings = {ATTRIBUTES = (CodeSignOnCopy, RemoveHeadersOnCopy, ); }; };
		9628CDF12CDCB08E00965DC1 /* CICOPersistent.framework in Frameworks */ = {isa = PBXBuildFile; fileRef = E41F763B20C8D2F300399E42 /* CICOPersistent.framework */; };
		9628CDF62CDCB09900965DC1 /* FMDB.xcframework in Frameworks */ = {isa = PBXBuildFile; fileRef = 961B77302744E04A00194504 /* FMDB.xcframework */; };
		9628CDFD2CDCB18D00965DC1 /* CICOPersistentStandard.h in Headers */ = {isa = PBXBuildFile; fileRef = E41F763E20C8D2F300399E42 /* CICOPersistentStandard.h */; };
		9628CDFF2CDCB20000965DC1 /* CICOPersistent.h in Headers */ = {isa = PBXBuildFile; fileRef = 9628CDFE2CDCB20000965DC1 /* CICOPersistent.h */; };
		9628CE002CDCB46C00965DC1 /* CICOPersistentStandard.framework in Frameworks */ = {isa = PBXBuildFile; fileRef = 9628CD8E2CDCB05C00965DC1 /* CICOPersistentStandard.framework */; };
		9628CE052CDCB85500965DC1 /* FMDB.xcframework in Frameworks */ = {isa = PBXBuildFile; fileRef = 961B77302744E04A00194504 /* FMDB.xcframework */; };
		9628CE062CDCB85600965DC1 /* FMDB.xcframework in Embed Frameworks */ = {isa = PBXBuildFile; fileRef = 961B77302744E04A00194504 /* FMDB.xcframework */; settings = {ATTRIBUTES = (CodeSignOnCopy, RemoveHeadersOnCopy, ); }; };
		9628CE072CDCCA1500965DC1 /* CICOPersistentCipher.framework in Frameworks */ = {isa = PBXBuildFile; fileRef = 9628CD3B2CDC9DCA00965DC1 /* CICOPersistentCipher.framework */; };
		967C34F22CDCD09000A909E4 /* DebugAide.swift in Sources */ = {isa = PBXBuildFile; fileRef = E442E6C823B7421000B9C95D /* DebugAide.swift */; };
		E4107D4F243EF65D0089A296 /* DebugAide.swift in Sources */ = {isa = PBXBuildFile; fileRef = E442E6C823B7421000B9C95D /* DebugAide.swift */; };
		E418B63F21C1301B00D042F0 /* KVDBServiceAide.swift in Sources */ = {isa = PBXBuildFile; fileRef = E418B63E21C1301B00D042F0 /* KVDBServiceAide.swift */; };
		E418B64121C1315E00D042F0 /* KVFileServiceAide.swift in Sources */ = {isa = PBXBuildFile; fileRef = E418B64021C1315E00D042F0 /* KVFileServiceAide.swift */; };
		E418B64321C131D000D042F0 /* ORMDBServiceAide.swift in Sources */ = {isa = PBXBuildFile; fileRef = E418B64221C131D000D042F0 /* ORMDBServiceAide.swift */; };
		E418B64521C1329D00D042F0 /* PersistentServiceAide.swift in Sources */ = {isa = PBXBuildFile; fileRef = E418B64421C1329D00D042F0 /* PersistentServiceAide.swift */; };
		E41958BB20F8971D007EA4B4 /* SQLiteRecordDecoder.swift in Sources */ = {isa = PBXBuildFile; fileRef = E41958BA20F8971D007EA4B4 /* SQLiteRecordDecoder.swift */; };
		E41F764720C8D32A00399E42 /* PersistentService.swift in Sources */ = {isa = PBXBuildFile; fileRef = E41F764620C8D32A00399E42 /* PersistentService.swift */; };
		E41F765D20C9302300399E42 /* AppDelegate.swift in Sources */ = {isa = PBXBuildFile; fileRef = E41F765C20C9302300399E42 /* AppDelegate.swift */; };
		E41F765F20C9302300399E42 /* ViewController.swift in Sources */ = {isa = PBXBuildFile; fileRef = E41F765E20C9302300399E42 /* ViewController.swift */; };
		E41F766220C9302300399E42 /* Main.storyboard in Resources */ = {isa = PBXBuildFile; fileRef = E41F766020C9302300399E42 /* Main.storyboard */; };
		E41F766420C9302400399E42 /* Assets.xcassets in Resources */ = {isa = PBXBuildFile; fileRef = E41F766320C9302400399E42 /* Assets.xcassets */; };
		E41F766720C9302400399E42 /* LaunchScreen.storyboard in Resources */ = {isa = PBXBuildFile; fileRef = E41F766520C9302400399E42 /* LaunchScreen.storyboard */; };
		E41F767620C9384300399E42 /* TCodableStruct.swift in Sources */ = {isa = PBXBuildFile; fileRef = E41F767320C9384300399E42 /* TCodableStruct.swift */; };
		E41F767720C9384300399E42 /* default.json in Resources */ = {isa = PBXBuildFile; fileRef = E41F767420C9384300399E42 /* default.json */; };
		E41F767820C9384300399E42 /* TCodableClass.swift in Sources */ = {isa = PBXBuildFile; fileRef = E41F767520C9384300399E42 /* TCodableClass.swift */; };
		E420CDB320F84EF900D1BA63 /* TypeProperty.swift in Sources */ = {isa = PBXBuildFile; fileRef = E420CDB220F84EF900D1BA63 /* TypeProperty.swift */; };
		E4231065211C39070057DCD4 /* my.json in Resources */ = {isa = PBXBuildFile; fileRef = E4FD6DF5211C34DE00ECAF4E /* my.json */; };
		E4231066211C39090057DCD4 /* MyClass.swift in Sources */ = {isa = PBXBuildFile; fileRef = E4FD6DF6211C34DE00ECAF4E /* MyClass.swift */; };
		E42B665C21002DDD006EBAC2 /* SQLiteRecordEncoder.swift in Sources */ = {isa = PBXBuildFile; fileRef = E42B665B21002DDD006EBAC2 /* SQLiteRecordEncoder.swift */; };
		E42B66A42102CECE006EBAC2 /* ORMProtocol.swift in Sources */ = {isa = PBXBuildFile; fileRef = E42B66A32102CECE006EBAC2 /* ORMProtocol.swift */; };
		E42B66AF2102E320006EBAC2 /* URLKVFileService.swift in Sources */ = {isa = PBXBuildFile; fileRef = E42B66AE2102E320006EBAC2 /* URLKVFileService.swift */; };
		E42B66B12106D269006EBAC2 /* ORMTableInfoModel.swift in Sources */ = {isa = PBXBuildFile; fileRef = E42B66B02106D269006EBAC2 /* ORMTableInfoModel.swift */; };
		E45C2FC2242B027600D2F49D /* TAutoIncrement.swift in Sources */ = {isa = PBXBuildFile; fileRef = E45C2FC1242B027600D2F49D /* TAutoIncrement.swift */; };
		E4710E5C21364BF2003F6798 /* FileURL.swift in Sources */ = {isa = PBXBuildFile; fileRef = E4710E5B21364BF2003F6798 /* FileURL.swift */; };
		E4710E682136C278003F6798 /* FileURLTests.swift in Sources */ = {isa = PBXBuildFile; fileRef = E4710E672136C278003F6798 /* FileURLTests.swift */; };
		E47E294A24C14E5800F0B7D7 /* TIntStruct.swift in Sources */ = {isa = PBXBuildFile; fileRef = E47E294924C14E5800F0B7D7 /* TIntStruct.swift */; };
		E47E294C24C14F2800F0B7D7 /* TDoubleStruct.swift in Sources */ = {isa = PBXBuildFile; fileRef = E47E294B24C14F2800F0B7D7 /* TDoubleStruct.swift */; };
		E481121D230FD64B001DA5B9 /* ORMDBServiceInnerAide.swift in Sources */ = {isa = PBXBuildFile; fileRef = E481121C230FD64B001DA5B9 /* ORMDBServiceInnerAide.swift */; };
		E481121F230FD7BD001DA5B9 /* ParamConfigModel.swift in Sources */ = {isa = PBXBuildFile; fileRef = E481121E230FD7BD001DA5B9 /* ParamConfigModel.swift */; };
		E48112212313D21C001DA5B9 /* ORMTableInfoAide.swift in Sources */ = {isa = PBXBuildFile; fileRef = E48112202313D21C001DA5B9 /* ORMTableInfoAide.swift */; };
		E48112252313D7A3001DA5B9 /* ORMDBService+Write.swift in Sources */ = {isa = PBXBuildFile; fileRef = E48112242313D7A3001DA5B9 /* ORMDBService+Write.swift */; };
		E48112272313D8F8001DA5B9 /* ORMDBService+Read.swift in Sources */ = {isa = PBXBuildFile; fileRef = E48112262313D8F8001DA5B9 /* ORMDBService+Read.swift */; };
		E48112292313D907001DA5B9 /* ORMDBService+Remove.swift in Sources */ = {isa = PBXBuildFile; fileRef = E48112282313D907001DA5B9 /* ORMDBService+Remove.swift */; };
		E481122B2313DAAF001DA5B9 /* PersistentService+UserDefaults.swift in Sources */ = {isa = PBXBuildFile; fileRef = E481122A2313DAAF001DA5B9 /* PersistentService+UserDefaults.swift */; };
		E481122D2313DB33001DA5B9 /* PersistentService+KVFile.swift in Sources */ = {isa = PBXBuildFile; fileRef = E481122C2313DB33001DA5B9 /* PersistentService+KVFile.swift */; };
		E481122F2313DB4D001DA5B9 /* PersistentService+KVDB.swift in Sources */ = {isa = PBXBuildFile; fileRef = E481122E2313DB4D001DA5B9 /* PersistentService+KVDB.swift */; };
		E48112312313DB5B001DA5B9 /* PersistentService+ORMDB.swift in Sources */ = {isa = PBXBuildFile; fileRef = E48112302313DB5B001DA5B9 /* PersistentService+ORMDB.swift */; };
		E48112332313DB69001DA5B9 /* PersistentService+KVKeyChain.swift in Sources */ = {isa = PBXBuildFile; fileRef = E48112322313DB69001DA5B9 /* PersistentService+KVKeyChain.swift */; };
		E482ED0720CE167B001FF435 /* KVDBService.swift in Sources */ = {isa = PBXBuildFile; fileRef = E482ED0620CE167B001FF435 /* KVDBService.swift */; };
		E482ED1420CF6950001FF435 /* KVFileService.swift in Sources */ = {isa = PBXBuildFile; fileRef = E482ED1320CF6950001FF435 /* KVFileService.swift */; };
		E484B44920DCA34600FE0AC9 /* ORMDBService.swift in Sources */ = {isa = PBXBuildFile; fileRef = E484B44820DCA34600FE0AC9 /* ORMDBService.swift */; };
		E492B4B220EB188200BC48A4 /* SQLiteType.swift in Sources */ = {isa = PBXBuildFile; fileRef = E492B4B120EB188200BC48A4 /* SQLiteType.swift */; };
		E492B4DD20EC6FB200BC48A4 /* SQLiteTypeDecoder.swift in Sources */ = {isa = PBXBuildFile; fileRef = E492B4DC20EC6FB200BC48A4 /* SQLiteTypeDecoder.swift */; };
		E49F7CD6210AC18200CF24F0 /* KeyChainService.swift in Sources */ = {isa = PBXBuildFile; fileRef = E49F7CD5210AC18200CF24F0 /* KeyChainService.swift */; };
		E49F7CD8210ACE8700CF24F0 /* KVKeyChainService.swift in Sources */ = {isa = PBXBuildFile; fileRef = E49F7CD7210ACE8700CF24F0 /* KVKeyChainService.swift */; };
		E49F7CF9210C447400CF24F0 /* KVJSONAide.swift in Sources */ = {isa = PBXBuildFile; fileRef = E49F7CF8210C447400CF24F0 /* KVJSONAide.swift */; };
		E4D091A8242C5265007CEF88 /* DBAide.swift in Sources */ = {isa = PBXBuildFile; fileRef = E4D091A7242C5265007CEF88 /* DBAide.swift */; };
		E4D091AA242C58FD007CEF88 /* ColumnModel.swift in Sources */ = {isa = PBXBuildFile; fileRef = E4D091A9242C58FD007CEF88 /* ColumnModel.swift */; };
		E4D091AC242C5C5F007CEF88 /* KVTableService.swift in Sources */ = {isa = PBXBuildFile; fileRef = E4D091AB242C5C5F007CEF88 /* KVTableService.swift */; };
		E4D091AF242C950B007CEF88 /* ORMDBService+KV.swift in Sources */ = {isa = PBXBuildFile; fileRef = E4D091AE242C950B007CEF88 /* ORMDBService+KV.swift */; };
		E4E6380923600636009DE3A5 /* TMemoryBytes.swift in Sources */ = {isa = PBXBuildFile; fileRef = E4E6380823600636009DE3A5 /* TMemoryBytes.swift */; };
		E4E6380A2360063F009DE3A5 /* TMemoryBytes.swift in Sources */ = {isa = PBXBuildFile; fileRef = E4E6380823600636009DE3A5 /* TMemoryBytes.swift */; };
		E4FD6C9F21129E4100ECAF4E /* KVFileServiceTests.swift in Sources */ = {isa = PBXBuildFile; fileRef = E4FD6C9E21129E4100ECAF4E /* KVFileServiceTests.swift */; };
		E4FD6DB321153E4600ECAF4E /* default.json in Resources */ = {isa = PBXBuildFile; fileRef = E41F767420C9384300399E42 /* default.json */; };
		E4FD6DB421153E4900ECAF4E /* TCodableClass.swift in Sources */ = {isa = PBXBuildFile; fileRef = E41F767520C9384300399E42 /* TCodableClass.swift */; };
		E4FD6DB521153E4B00ECAF4E /* TCodableStruct.swift in Sources */ = {isa = PBXBuildFile; fileRef = E41F767320C9384300399E42 /* TCodableStruct.swift */; };
		E4FD6DB721153E8600ECAF4E /* JSONStringAide.swift in Sources */ = {isa = PBXBuildFile; fileRef = E4FD6DB621153E8600ECAF4E /* JSONStringAide.swift */; };
		E4FD6DB821153E9000ECAF4E /* JSONStringAide.swift in Sources */ = {isa = PBXBuildFile; fileRef = E4FD6DB621153E8600ECAF4E /* JSONStringAide.swift */; };
		E4FD6DBC21154B5E00ECAF4E /* URLKVFileServiceTests.swift in Sources */ = {isa = PBXBuildFile; fileRef = E4FD6DBB21154B5D00ECAF4E /* URLKVFileServiceTests.swift */; };
		E4FD6DBE2115505A00ECAF4E /* KVKeyChainServiceTests.swift in Sources */ = {isa = PBXBuildFile; fileRef = E4FD6DBD2115505A00ECAF4E /* KVKeyChainServiceTests.swift */; };
		E4FD6DC0211550E400ECAF4E /* KVDBServiceTests.swift in Sources */ = {isa = PBXBuildFile; fileRef = E4FD6DBF211550E400ECAF4E /* KVDBServiceTests.swift */; };
		E4FD6DC22115533000ECAF4E /* ORMDBServiceTests.swift in Sources */ = {isa = PBXBuildFile; fileRef = E4FD6DC12115533000ECAF4E /* ORMDBServiceTests.swift */; };
		E4FD6DC4211555F900ECAF4E /* AutoEquatable.swift in Sources */ = {isa = PBXBuildFile; fileRef = E4FD6DC3211555F900ECAF4E /* AutoEquatable.swift */; };
		E4FD6DC52115566C00ECAF4E /* AutoEquatable.swift in Sources */ = {isa = PBXBuildFile; fileRef = E4FD6DC3211555F900ECAF4E /* AutoEquatable.swift */; };
		E4FD6DC72115569000ECAF4E /* AutoEquatable.generated.swift in Sources */ = {isa = PBXBuildFile; fileRef = E4FD6DC62115569000ECAF4E /* AutoEquatable.generated.swift */; };
		E4FD6DF7211C34DE00ECAF4E /* my.json in Resources */ = {isa = PBXBuildFile; fileRef = E4FD6DF5211C34DE00ECAF4E /* my.json */; };
		E4FD6DF8211C34DE00ECAF4E /* MyClass.swift in Sources */ = {isa = PBXBuildFile; fileRef = E4FD6DF6211C34DE00ECAF4E /* MyClass.swift */; };
/* End PBXBuildFile section */

/* Begin PBXContainerItemProxy section */
		9628CD462CDC9DCB00965DC1 /* PBXContainerItemProxy */ = {
			isa = PBXContainerItemProxy;
			containerPortal = E41F763220C8D2F300399E42 /* Project object */;
			proxyType = 1;
			remoteGlobalIDString = 9628CD3A2CDC9DCA00965DC1;
			remoteInfo = CICOPersistentCipher;
		};
		9628CD592CDC9DF100965DC1 /* PBXContainerItemProxy */ = {
			isa = PBXContainerItemProxy;
			containerPortal = E41F763220C8D2F300399E42 /* Project object */;
			proxyType = 1;
			remoteGlobalIDString = E41F763A20C8D2F300399E42;
			remoteInfo = CICOPersistent;
		};
		9628CD6B2CDC9EE100965DC1 /* PBXContainerItemProxy */ = {
			isa = PBXContainerItemProxy;
			containerPortal = E41F763220C8D2F300399E42 /* Project object */;
			proxyType = 1;
			remoteGlobalIDString = E41F763A20C8D2F300399E42;
			remoteInfo = CICOPersistent;
		};
		9628CD922CDCB05D00965DC1 /* PBXContainerItemProxy */ = {
			isa = PBXContainerItemProxy;
			containerPortal = E41F763220C8D2F300399E42 /* Project object */;
			proxyType = 1;
			remoteGlobalIDString = 9628CD8D2CDCB05C00965DC1;
			remoteInfo = CICOPersistent;
		};
		9628CDF32CDCB08E00965DC1 /* PBXContainerItemProxy */ = {
			isa = PBXContainerItemProxy;
			containerPortal = E41F763220C8D2F300399E42 /* Project object */;
			proxyType = 1;
			remoteGlobalIDString = E41F763A20C8D2F300399E42;
			remoteInfo = CICOPersistentCore;
		};
		9628CE022CDCB46C00965DC1 /* PBXContainerItemProxy */ = {
			isa = PBXContainerItemProxy;
			containerPortal = E41F763220C8D2F300399E42 /* Project object */;
			proxyType = 1;
			remoteGlobalIDString = 9628CD8D2CDCB05C00965DC1;
			remoteInfo = CICOPersistent;
		};
/* End PBXContainerItemProxy section */

/* Begin PBXCopyFilesBuildPhase section */
		E41F767020C9313000399E42 /* Embed Frameworks */ = {
			isa = PBXCopyFilesBuildPhase;
			buildActionMask = 2147483647;
			dstPath = "";
			dstSubfolderSpec = 10;
			files = (
				9628CE062CDCB85600965DC1 /* FMDB.xcframework in Embed Frameworks */,
				961B77422744E05900194504 /* CICOFoundationKit.xcframework in Embed Frameworks */,
				961B77402744E05800194504 /* CICOAutoCodable.xcframework in Embed Frameworks */,
				9628CD952CDCB05D00965DC1 /* CICOPersistentStandard.framework in Embed Frameworks */,
			);
			name = "Embed Frameworks";
			runOnlyForDeploymentPostprocessing = 0;
		};
/* End PBXCopyFilesBuildPhase section */

/* Begin PBXFileReference section */
		961B772F2744E04A00194504 /* CICOFoundationKit.xcframework */ = {isa = PBXFileReference; lastKnownFileType = wrapper.xcframework; name = CICOFoundationKit.xcframework; path = Carthage/Build/CICOFoundationKit.xcframework; sourceTree = "<group>"; };
		961B77302744E04A00194504 /* FMDB.xcframework */ = {isa = PBXFileReference; lastKnownFileType = wrapper.xcframework; name = FMDB.xcframework; path = Carthage/Build/FMDB.xcframework; sourceTree = "<group>"; };
		961B77322744E04A00194504 /* CICOAutoCodable.xcframework */ = {isa = PBXFileReference; lastKnownFileType = wrapper.xcframework; name = CICOAutoCodable.xcframework; path = Carthage/Build/CICOAutoCodable.xcframework; sourceTree = "<group>"; };
		9628CD3B2CDC9DCA00965DC1 /* CICOPersistentCipher.framework */ = {isa = PBXFileReference; explicitFileType = wrapper.framework; includeInIndex = 0; path = CICOPersistentCipher.framework; sourceTree = BUILT_PRODUCTS_DIR; };
		9628CD442CDC9DCB00965DC1 /* CICOPersistentCipherTests.xctest */ = {isa = PBXFileReference; explicitFileType = wrapper.cfbundle; includeInIndex = 0; path = CICOPersistentCipherTests.xctest; sourceTree = BUILT_PRODUCTS_DIR; };
		9628CD772CDCA4F000965DC1 /* FMDB.xcframework */ = {isa = PBXFileReference; lastKnownFileType = wrapper.xcframework; name = FMDB.xcframework; path = CICOPersistentCipherCarthage/Carthage/Build/FMDB.xcframework; sourceTree = "<group>"; };
		9628CD782CDCA4F000965DC1 /* SQLCipher.xcframework */ = {isa = PBXFileReference; lastKnownFileType = wrapper.xcframework; name = SQLCipher.xcframework; path = CICOPersistentCipherCarthage/Carthage/Build/SQLCipher.xcframework; sourceTree = "<group>"; };
		9628CD8E2CDCB05C00965DC1 /* CICOPersistentStandard.framework */ = {isa = PBXFileReference; explicitFileType = wrapper.framework; includeInIndex = 0; path = CICOPersistentStandard.framework; sourceTree = BUILT_PRODUCTS_DIR; };
		9628CDFE2CDCB20000965DC1 /* CICOPersistent.h */ = {isa = PBXFileReference; lastKnownFileType = sourcecode.c.h; path = CICOPersistent.h; sourceTree = "<group>"; };
		E418B63E21C1301B00D042F0 /* KVDBServiceAide.swift */ = {isa = PBXFileReference; lastKnownFileType = sourcecode.swift; path = KVDBServiceAide.swift; sourceTree = "<group>"; };
		E418B64021C1315E00D042F0 /* KVFileServiceAide.swift */ = {isa = PBXFileReference; lastKnownFileType = sourcecode.swift; path = KVFileServiceAide.swift; sourceTree = "<group>"; };
		E418B64221C131D000D042F0 /* ORMDBServiceAide.swift */ = {isa = PBXFileReference; lastKnownFileType = sourcecode.swift; path = ORMDBServiceAide.swift; sourceTree = "<group>"; };
		E418B64421C1329D00D042F0 /* PersistentServiceAide.swift */ = {isa = PBXFileReference; lastKnownFileType = sourcecode.swift; path = PersistentServiceAide.swift; sourceTree = "<group>"; };
		E41958BA20F8971D007EA4B4 /* SQLiteRecordDecoder.swift */ = {isa = PBXFileReference; fileEncoding = 4; lastKnownFileType = sourcecode.swift; path = SQLiteRecordDecoder.swift; sourceTree = "<group>"; };
		E41F763B20C8D2F300399E42 /* CICOPersistent.framework */ = {isa = PBXFileReference; explicitFileType = wrapper.framework; includeInIndex = 0; path = CICOPersistent.framework; sourceTree = BUILT_PRODUCTS_DIR; };
		E41F763E20C8D2F300399E42 /* CICOPersistentStandard.h */ = {isa = PBXFileReference; lastKnownFileType = sourcecode.c.h; path = CICOPersistentStandard.h; sourceTree = "<group>"; };
		E41F763F20C8D2F300399E42 /* Info.plist */ = {isa = PBXFileReference; lastKnownFileType = text.plist.xml; path = Info.plist; sourceTree = "<group>"; };
		E41F764620C8D32A00399E42 /* PersistentService.swift */ = {isa = PBXFileReference; lastKnownFileType = sourcecode.swift; path = PersistentService.swift; sourceTree = "<group>"; };
		E41F765A20C9302300399E42 /* CICOPersistentDemo.app */ = {isa = PBXFileReference; explicitFileType = wrapper.application; includeInIndex = 0; path = CICOPersistentDemo.app; sourceTree = BUILT_PRODUCTS_DIR; };
		E41F765C20C9302300399E42 /* AppDelegate.swift */ = {isa = PBXFileReference; lastKnownFileType = sourcecode.swift; path = AppDelegate.swift; sourceTree = "<group>"; };
		E41F765E20C9302300399E42 /* ViewController.swift */ = {isa = PBXFileReference; lastKnownFileType = sourcecode.swift; path = ViewController.swift; sourceTree = "<group>"; };
		E41F766120C9302300399E42 /* Base */ = {isa = PBXFileReference; lastKnownFileType = file.storyboard; name = Base; path = Base.lproj/Main.storyboard; sourceTree = "<group>"; };
		E41F766320C9302400399E42 /* Assets.xcassets */ = {isa = PBXFileReference; lastKnownFileType = folder.assetcatalog; path = Assets.xcassets; sourceTree = "<group>"; };
		E41F766620C9302400399E42 /* Base */ = {isa = PBXFileReference; lastKnownFileType = file.storyboard; name = Base; path = Base.lproj/LaunchScreen.storyboard; sourceTree = "<group>"; };
		E41F766820C9302400399E42 /* Info.plist */ = {isa = PBXFileReference; lastKnownFileType = text.plist.xml; path = Info.plist; sourceTree = "<group>"; };
		E41F767320C9384300399E42 /* TCodableStruct.swift */ = {isa = PBXFileReference; fileEncoding = 4; lastKnownFileType = sourcecode.swift; path = TCodableStruct.swift; sourceTree = "<group>"; };
		E41F767420C9384300399E42 /* default.json */ = {isa = PBXFileReference; fileEncoding = 4; lastKnownFileType = text.json; path = default.json; sourceTree = "<group>"; };
		E41F767520C9384300399E42 /* TCodableClass.swift */ = {isa = PBXFileReference; fileEncoding = 4; lastKnownFileType = sourcecode.swift; path = TCodableClass.swift; sourceTree = "<group>"; };
		E420CDB220F84EF900D1BA63 /* TypeProperty.swift */ = {isa = PBXFileReference; lastKnownFileType = sourcecode.swift; path = TypeProperty.swift; sourceTree = "<group>"; };
		E42B665B21002DDD006EBAC2 /* SQLiteRecordEncoder.swift */ = {isa = PBXFileReference; lastKnownFileType = sourcecode.swift; path = SQLiteRecordEncoder.swift; sourceTree = "<group>"; };
		E42B66A32102CECE006EBAC2 /* ORMProtocol.swift */ = {isa = PBXFileReference; lastKnownFileType = sourcecode.swift; path = ORMProtocol.swift; sourceTree = "<group>"; };
		E42B66AE2102E320006EBAC2 /* URLKVFileService.swift */ = {isa = PBXFileReference; fileEncoding = 4; lastKnownFileType = sourcecode.swift; path = URLKVFileService.swift; sourceTree = "<group>"; };
		E42B66B02106D269006EBAC2 /* ORMTableInfoModel.swift */ = {isa = PBXFileReference; lastKnownFileType = sourcecode.swift; path = ORMTableInfoModel.swift; sourceTree = "<group>"; };
		E442E6C823B7421000B9C95D /* DebugAide.swift */ = {isa = PBXFileReference; lastKnownFileType = sourcecode.swift; path = DebugAide.swift; sourceTree = "<group>"; };
		E45C2FC1242B027600D2F49D /* TAutoIncrement.swift */ = {isa = PBXFileReference; lastKnownFileType = sourcecode.swift; path = TAutoIncrement.swift; sourceTree = "<group>"; };
		E4710E5B21364BF2003F6798 /* FileURL.swift */ = {isa = PBXFileReference; lastKnownFileType = sourcecode.swift; path = FileURL.swift; sourceTree = "<group>"; };
		E4710E672136C278003F6798 /* FileURLTests.swift */ = {isa = PBXFileReference; lastKnownFileType = sourcecode.swift; path = FileURLTests.swift; sourceTree = "<group>"; };
		E47E294924C14E5800F0B7D7 /* TIntStruct.swift */ = {isa = PBXFileReference; lastKnownFileType = sourcecode.swift; path = TIntStruct.swift; sourceTree = "<group>"; };
		E47E294B24C14F2800F0B7D7 /* TDoubleStruct.swift */ = {isa = PBXFileReference; lastKnownFileType = sourcecode.swift; path = TDoubleStruct.swift; sourceTree = "<group>"; };
		E481121C230FD64B001DA5B9 /* ORMDBServiceInnerAide.swift */ = {isa = PBXFileReference; lastKnownFileType = sourcecode.swift; path = ORMDBServiceInnerAide.swift; sourceTree = "<group>"; };
		E481121E230FD7BD001DA5B9 /* ParamConfigModel.swift */ = {isa = PBXFileReference; lastKnownFileType = sourcecode.swift; path = ParamConfigModel.swift; sourceTree = "<group>"; };
		E48112202313D21C001DA5B9 /* ORMTableInfoAide.swift */ = {isa = PBXFileReference; lastKnownFileType = sourcecode.swift; path = ORMTableInfoAide.swift; sourceTree = "<group>"; };
		E48112242313D7A3001DA5B9 /* ORMDBService+Write.swift */ = {isa = PBXFileReference; lastKnownFileType = sourcecode.swift; path = "ORMDBService+Write.swift"; sourceTree = "<group>"; };
		E48112262313D8F8001DA5B9 /* ORMDBService+Read.swift */ = {isa = PBXFileReference; lastKnownFileType = sourcecode.swift; path = "ORMDBService+Read.swift"; sourceTree = "<group>"; };
		E48112282313D907001DA5B9 /* ORMDBService+Remove.swift */ = {isa = PBXFileReference; lastKnownFileType = sourcecode.swift; path = "ORMDBService+Remove.swift"; sourceTree = "<group>"; };
		E481122A2313DAAF001DA5B9 /* PersistentService+UserDefaults.swift */ = {isa = PBXFileReference; lastKnownFileType = sourcecode.swift; path = "PersistentService+UserDefaults.swift"; sourceTree = "<group>"; };
		E481122C2313DB33001DA5B9 /* PersistentService+KVFile.swift */ = {isa = PBXFileReference; lastKnownFileType = sourcecode.swift; path = "PersistentService+KVFile.swift"; sourceTree = "<group>"; };
		E481122E2313DB4D001DA5B9 /* PersistentService+KVDB.swift */ = {isa = PBXFileReference; lastKnownFileType = sourcecode.swift; path = "PersistentService+KVDB.swift"; sourceTree = "<group>"; };
		E48112302313DB5B001DA5B9 /* PersistentService+ORMDB.swift */ = {isa = PBXFileReference; lastKnownFileType = sourcecode.swift; path = "PersistentService+ORMDB.swift"; sourceTree = "<group>"; };
		E48112322313DB69001DA5B9 /* PersistentService+KVKeyChain.swift */ = {isa = PBXFileReference; lastKnownFileType = sourcecode.swift; path = "PersistentService+KVKeyChain.swift"; sourceTree = "<group>"; };
		E482ED0620CE167B001FF435 /* KVDBService.swift */ = {isa = PBXFileReference; lastKnownFileType = sourcecode.swift; path = KVDBService.swift; sourceTree = "<group>"; };
		E482ED1320CF6950001FF435 /* KVFileService.swift */ = {isa = PBXFileReference; lastKnownFileType = sourcecode.swift; path = KVFileService.swift; sourceTree = "<group>"; };
		E484B44820DCA34600FE0AC9 /* ORMDBService.swift */ = {isa = PBXFileReference; lastKnownFileType = sourcecode.swift; path = ORMDBService.swift; sourceTree = "<group>"; };
		E492B4B120EB188200BC48A4 /* SQLiteType.swift */ = {isa = PBXFileReference; lastKnownFileType = sourcecode.swift; path = SQLiteType.swift; sourceTree = "<group>"; };
		E492B4DC20EC6FB200BC48A4 /* SQLiteTypeDecoder.swift */ = {isa = PBXFileReference; fileEncoding = 4; lastKnownFileType = sourcecode.swift; path = SQLiteTypeDecoder.swift; sourceTree = "<group>"; };
		E49F7CD5210AC18200CF24F0 /* KeyChainService.swift */ = {isa = PBXFileReference; lastKnownFileType = sourcecode.swift; path = KeyChainService.swift; sourceTree = "<group>"; };
		E49F7CD7210ACE8700CF24F0 /* KVKeyChainService.swift */ = {isa = PBXFileReference; lastKnownFileType = sourcecode.swift; path = KVKeyChainService.swift; sourceTree = "<group>"; };
		E49F7CF6210C1CD800CF24F0 /* CICOPersistentDemo.entitlements */ = {isa = PBXFileReference; lastKnownFileType = text.plist.entitlements; path = CICOPersistentDemo.entitlements; sourceTree = "<group>"; };
		E49F7CF8210C447400CF24F0 /* KVJSONAide.swift */ = {isa = PBXFileReference; lastKnownFileType = sourcecode.swift; path = KVJSONAide.swift; sourceTree = "<group>"; };
		E4D091A7242C5265007CEF88 /* DBAide.swift */ = {isa = PBXFileReference; lastKnownFileType = sourcecode.swift; path = DBAide.swift; sourceTree = "<group>"; };
		E4D091A9242C58FD007CEF88 /* ColumnModel.swift */ = {isa = PBXFileReference; lastKnownFileType = sourcecode.swift; path = ColumnModel.swift; sourceTree = "<group>"; };
		E4D091AB242C5C5F007CEF88 /* KVTableService.swift */ = {isa = PBXFileReference; lastKnownFileType = sourcecode.swift; path = KVTableService.swift; sourceTree = "<group>"; };
		E4D091AE242C950B007CEF88 /* ORMDBService+KV.swift */ = {isa = PBXFileReference; lastKnownFileType = sourcecode.swift; path = "ORMDBService+KV.swift"; sourceTree = "<group>"; };
		E4E6380823600636009DE3A5 /* TMemoryBytes.swift */ = {isa = PBXFileReference; fileEncoding = 4; lastKnownFileType = sourcecode.swift; path = TMemoryBytes.swift; sourceTree = "<group>"; };
		E4FD6C9321129DBC00ECAF4E /* CICOPersistentStandardTests.xctest */ = {isa = PBXFileReference; explicitFileType = wrapper.cfbundle; includeInIndex = 0; path = CICOPersistentStandardTests.xctest; sourceTree = BUILT_PRODUCTS_DIR; };
		E4FD6C9721129DBC00ECAF4E /* Info.plist */ = {isa = PBXFileReference; lastKnownFileType = text.plist.xml; path = Info.plist; sourceTree = "<group>"; };
		E4FD6C9E21129E4100ECAF4E /* KVFileServiceTests.swift */ = {isa = PBXFileReference; lastKnownFileType = sourcecode.swift; path = KVFileServiceTests.swift; sourceTree = "<group>"; };
		E4FD6CA321129F4C00ECAF4E /* show_all_type.generated.swift */ = {isa = PBXFileReference; fileEncoding = 4; lastKnownFileType = sourcecode.swift; path = show_all_type.generated.swift; sourceTree = "<group>"; };
		E4FD6DB621153E8600ECAF4E /* JSONStringAide.swift */ = {isa = PBXFileReference; lastKnownFileType = sourcecode.swift; path = JSONStringAide.swift; sourceTree = "<group>"; };
		E4FD6DBB21154B5D00ECAF4E /* URLKVFileServiceTests.swift */ = {isa = PBXFileReference; lastKnownFileType = sourcecode.swift; path = URLKVFileServiceTests.swift; sourceTree = "<group>"; };
		E4FD6DBD2115505A00ECAF4E /* KVKeyChainServiceTests.swift */ = {isa = PBXFileReference; lastKnownFileType = sourcecode.swift; path = KVKeyChainServiceTests.swift; sourceTree = "<group>"; };
		E4FD6DBF211550E400ECAF4E /* KVDBServiceTests.swift */ = {isa = PBXFileReference; lastKnownFileType = sourcecode.swift; path = KVDBServiceTests.swift; sourceTree = "<group>"; };
		E4FD6DC12115533000ECAF4E /* ORMDBServiceTests.swift */ = {isa = PBXFileReference; lastKnownFileType = sourcecode.swift; path = ORMDBServiceTests.swift; sourceTree = "<group>"; };
		E4FD6DC3211555F900ECAF4E /* AutoEquatable.swift */ = {isa = PBXFileReference; fileEncoding = 4; lastKnownFileType = sourcecode.swift; path = AutoEquatable.swift; sourceTree = "<group>"; };
		E4FD6DC62115569000ECAF4E /* AutoEquatable.generated.swift */ = {isa = PBXFileReference; fileEncoding = 4; lastKnownFileType = sourcecode.swift; path = AutoEquatable.generated.swift; sourceTree = "<group>"; };
		E4FD6DF5211C34DE00ECAF4E /* my.json */ = {isa = PBXFileReference; fileEncoding = 4; lastKnownFileType = text.json; path = my.json; sourceTree = "<group>"; };
		E4FD6DF6211C34DE00ECAF4E /* MyClass.swift */ = {isa = PBXFileReference; fileEncoding = 4; lastKnownFileType = sourcecode.swift; path = MyClass.swift; sourceTree = "<group>"; };
/* End PBXFileReference section */

/* Begin PBXFileSystemSynchronizedBuildFileExceptionSet section */
		9628CD562CDC9DCB00965DC1 /* PBXFileSystemSynchronizedBuildFileExceptionSet */ = {
			isa = PBXFileSystemSynchronizedBuildFileExceptionSet;
			publicHeaders = (
				CICOPersistentCipher.h,
			);
			target = 9628CD3A2CDC9DCA00965DC1 /* CICOPersistentCipher */;
		};
/* End PBXFileSystemSynchronizedBuildFileExceptionSet section */

/* Begin PBXFileSystemSynchronizedRootGroup section */
		9628CD3C2CDC9DCA00965DC1 /* CICOPersistentCipher */ = {isa = PBXFileSystemSynchronizedRootGroup; exceptions = (9628CD562CDC9DCB00965DC1 /* PBXFileSystemSynchronizedBuildFileExceptionSet */, ); explicitFileTypes = {}; explicitFolders = (); path = CICOPersistentCipher; sourceTree = "<group>"; };
		9628CD4A2CDC9DCB00965DC1 /* CICOPersistentCipherTests */ = {isa = PBXFileSystemSynchronizedRootGroup; explicitFileTypes = {}; explicitFolders = (); path = CICOPersistentCipherTests; sourceTree = "<group>"; };
/* End PBXFileSystemSynchronizedRootGroup section */

/* Begin PBXFrameworksBuildPhase section */
		9628CD382CDC9DCA00965DC1 /* Frameworks */ = {
			isa = PBXFrameworksBuildPhase;
			buildActionMask = 2147483647;
			files = (
				9628CD7B2CDCA56300965DC1 /* FMDB.xcframework in Frameworks */,
				9628CD7D2CDCA56300965DC1 /* SQLCipher.xcframework in Frameworks */,
				9628CD692CDC9EE100965DC1 /* CICOPersistent.framework in Frameworks */,
			);
			runOnlyForDeploymentPostprocessing = 0;
		};
		9628CD412CDC9DCB00965DC1 /* Frameworks */ = {
			isa = PBXFrameworksBuildPhase;
			buildActionMask = 2147483647;
			files = (
				9628CE072CDCCA1500965DC1 /* CICOPersistentCipher.framework in Frameworks */,
			);
			runOnlyForDeploymentPostprocessing = 0;
		};
		9628CD8B2CDCB05C00965DC1 /* Frameworks */ = {
			isa = PBXFrameworksBuildPhase;
			buildActionMask = 2147483647;
			files = (
				9628CDF62CDCB09900965DC1 /* FMDB.xcframework in Frameworks */,
				9628CDF12CDCB08E00965DC1 /* CICOPersistent.framework in Frameworks */,
			);
			runOnlyForDeploymentPostprocessing = 0;
		};
		E41F763720C8D2F300399E42 /* Frameworks */ = {
			isa = PBXFrameworksBuildPhase;
			buildActionMask = 2147483647;
			files = (
				961B77332744E04A00194504 /* CICOFoundationKit.xcframework in Frameworks */,
				961B773C2744E04A00194504 /* CICOAutoCodable.xcframework in Frameworks */,
			);
			runOnlyForDeploymentPostprocessing = 0;
		};
		E41F765720C9302300399E42 /* Frameworks */ = {
			isa = PBXFrameworksBuildPhase;
			buildActionMask = 2147483647;
			files = (
				9628CE052CDCB85500965DC1 /* FMDB.xcframework in Frameworks */,
				961B773F2744E05800194504 /* CICOAutoCodable.xcframework in Frameworks */,
				961B77412744E05900194504 /* CICOFoundationKit.xcframework in Frameworks */,
				9628CD942CDCB05D00965DC1 /* CICOPersistentStandard.framework in Frameworks */,
			);
			runOnlyForDeploymentPostprocessing = 0;
		};
		E4FD6C9021129DBC00ECAF4E /* Frameworks */ = {
			isa = PBXFrameworksBuildPhase;
			buildActionMask = 2147483647;
			files = (
				9628CE002CDCB46C00965DC1 /* CICOPersistentStandard.framework in Frameworks */,
			);
			runOnlyForDeploymentPostprocessing = 0;
		};
/* End PBXFrameworksBuildPhase section */

/* Begin PBXGroup section */
		9628CD762CDCA43100965DC1 /* CipherCarthage */ = {
			isa = PBXGroup;
			children = (
				9628CD772CDCA4F000965DC1 /* FMDB.xcframework */,
				9628CD782CDCA4F000965DC1 /* SQLCipher.xcframework */,
			);
			name = CipherCarthage;
			sourceTree = "<group>";
		};
		9628CDFC2CDCB17500965DC1 /* CICOPersistentStandard */ = {
			isa = PBXGroup;
			children = (
				E41F763E20C8D2F300399E42 /* CICOPersistentStandard.h */,
			);
			path = CICOPersistentStandard;
			sourceTree = "<group>";
		};
		E41F763120C8D2F300399E42 = {
			isa = PBXGroup;
			children = (
				E41F763D20C8D2F300399E42 /* CICOPersistent */,
				9628CDFC2CDCB17500965DC1 /* CICOPersistentStandard */,
				E4FD6C9421129DBC00ECAF4E /* CICOPersistentStandardTests */,
				9628CD3C2CDC9DCA00965DC1 /* CICOPersistentCipher */,
				9628CD4A2CDC9DCB00965DC1 /* CICOPersistentCipherTests */,
				E41F765B20C9302300399E42 /* CICOPersistentDemo */,
				E482ECFE20CE15B4001FF435 /* Frameworks */,
				E41F763C20C8D2F300399E42 /* Products */,
				E4FD6CA121129F4C00ECAF4E /* sourcery */,
			);
			sourceTree = "<group>";
		};
		E41F763C20C8D2F300399E42 /* Products */ = {
			isa = PBXGroup;
			children = (
				E41F763B20C8D2F300399E42 /* CICOPersistent.framework */,
				E41F765A20C9302300399E42 /* CICOPersistentDemo.app */,
				E4FD6C9321129DBC00ECAF4E /* CICOPersistentStandardTests.xctest */,
				9628CD3B2CDC9DCA00965DC1 /* CICOPersistentCipher.framework */,
				9628CD442CDC9DCB00965DC1 /* CICOPersistentCipherTests.xctest */,
				9628CD8E2CDCB05C00965DC1 /* CICOPersistentStandard.framework */,
			);
			name = Products;
			sourceTree = "<group>";
		};
		E41F763D20C8D2F300399E42 /* CICOPersistent */ = {
			isa = PBXGroup;
			children = (
				E4D091A6242C5248007CEF88 /* db_aide */,
				E49F7CF7210C20EE00CF24F0 /* key_value_aide */,
				E482ED0520CE1613001FF435 /* key_value_db */,
				E482ED1220CF6902001FF435 /* key_value_file */,
				E49F7CD3210AC14E00CF24F0 /* key_value_key_chain */,
				E4D091AD242C8204007CEF88 /* key_value_table */,
				E41F764D20C9222500399E42 /* main */,
				E484B44720DCA0E400FE0AC9 /* orm_db */,
				E41F764E20C9223000399E42 /* persistent */,
				E49F7D00210C66B900CF24F0 /* tool */,
			);
			path = CICOPersistent;
			sourceTree = "<group>";
		};
		E41F764D20C9222500399E42 /* main */ = {
			isa = PBXGroup;
			children = (
				9628CDFE2CDCB20000965DC1 /* CICOPersistent.h */,
				E41F763F20C8D2F300399E42 /* Info.plist */,
			);
			path = main;
			sourceTree = "<group>";
		};
		E41F764E20C9223000399E42 /* persistent */ = {
			isa = PBXGroup;
			children = (
				E41F764620C8D32A00399E42 /* PersistentService.swift */,
				E481122E2313DB4D001DA5B9 /* PersistentService+KVDB.swift */,
				E481122C2313DB33001DA5B9 /* PersistentService+KVFile.swift */,
				E48112322313DB69001DA5B9 /* PersistentService+KVKeyChain.swift */,
				E48112302313DB5B001DA5B9 /* PersistentService+ORMDB.swift */,
				E481122A2313DAAF001DA5B9 /* PersistentService+UserDefaults.swift */,
				E418B64421C1329D00D042F0 /* PersistentServiceAide.swift */,
			);
			path = persistent;
			sourceTree = "<group>";
		};
		E41F765B20C9302300399E42 /* CICOPersistentDemo */ = {
			isa = PBXGroup;
			children = (
				E49F7CF6210C1CD800CF24F0 /* CICOPersistentDemo.entitlements */,
				E41F765C20C9302300399E42 /* AppDelegate.swift */,
				E41F765E20C9302300399E42 /* ViewController.swift */,
				E41F766020C9302300399E42 /* Main.storyboard */,
				E41F766320C9302400399E42 /* Assets.xcassets */,
				E41F766520C9302400399E42 /* LaunchScreen.storyboard */,
				E41F766820C9302400399E42 /* Info.plist */,
			);
			path = CICOPersistentDemo;
			sourceTree = "<group>";
		};
		E42B66A52102D547006EBAC2 /* internal */ = {
			isa = PBXGroup;
			children = (
				E481121C230FD64B001DA5B9 /* ORMDBServiceInnerAide.swift */,
				E48112202313D21C001DA5B9 /* ORMTableInfoAide.swift */,
				E42B66B02106D269006EBAC2 /* ORMTableInfoModel.swift */,
				E481121E230FD7BD001DA5B9 /* ParamConfigModel.swift */,
				E41958BA20F8971D007EA4B4 /* SQLiteRecordDecoder.swift */,
				E42B665B21002DDD006EBAC2 /* SQLiteRecordEncoder.swift */,
				E492B4B120EB188200BC48A4 /* SQLiteType.swift */,
				E492B4DC20EC6FB200BC48A4 /* SQLiteTypeDecoder.swift */,
				E420CDB220F84EF900D1BA63 /* TypeProperty.swift */,
			);
			path = internal;
			sourceTree = "<group>";
		};
		E4710E5A21364BD4003F6798 /* url */ = {
			isa = PBXGroup;
			children = (
				E4710E5B21364BF2003F6798 /* FileURL.swift */,
			);
			path = url;
			sourceTree = "<group>";
		};
		E482ECFE20CE15B4001FF435 /* Frameworks */ = {
			isa = PBXGroup;
			children = (
				E482ED0020CE15D5001FF435 /* Carthage */,
				9628CD762CDCA43100965DC1 /* CipherCarthage */,
			);
			name = Frameworks;
			sourceTree = "<group>";
		};
		E482ED0020CE15D5001FF435 /* Carthage */ = {
			isa = PBXGroup;
			children = (
				961B77322744E04A00194504 /* CICOAutoCodable.xcframework */,
				961B772F2744E04A00194504 /* CICOFoundationKit.xcframework */,
				961B77302744E04A00194504 /* FMDB.xcframework */,
			);
			name = Carthage;
			sourceTree = "<group>";
		};
		E482ED0520CE1613001FF435 /* key_value_db */ = {
			isa = PBXGroup;
			children = (
				E482ED0620CE167B001FF435 /* KVDBService.swift */,
				E418B63E21C1301B00D042F0 /* KVDBServiceAide.swift */,
			);
			path = key_value_db;
			sourceTree = "<group>";
		};
		E482ED1220CF6902001FF435 /* key_value_file */ = {
			isa = PBXGroup;
			children = (
				E42B66AE2102E320006EBAC2 /* URLKVFileService.swift */,
				E482ED1320CF6950001FF435 /* KVFileService.swift */,
				E418B64021C1315E00D042F0 /* KVFileServiceAide.swift */,
			);
			path = key_value_file;
			sourceTree = "<group>";
		};
		E484B44720DCA0E400FE0AC9 /* orm_db */ = {
			isa = PBXGroup;
			children = (
				E484B44820DCA34600FE0AC9 /* ORMDBService.swift */,
				E4D091AE242C950B007CEF88 /* ORMDBService+KV.swift */,
				E48112262313D8F8001DA5B9 /* ORMDBService+Read.swift */,
				E48112282313D907001DA5B9 /* ORMDBService+Remove.swift */,
				E48112242313D7A3001DA5B9 /* ORMDBService+Write.swift */,
				E418B64221C131D000D042F0 /* ORMDBServiceAide.swift */,
				E42B66A32102CECE006EBAC2 /* ORMProtocol.swift */,
				E42B66A52102D547006EBAC2 /* internal */,
			);
			path = orm_db;
			sourceTree = "<group>";
		};
		E49F7CD3210AC14E00CF24F0 /* key_value_key_chain */ = {
			isa = PBXGroup;
			children = (
				E49F7CD4210AC16200CF24F0 /* internal */,
				E49F7CD7210ACE8700CF24F0 /* KVKeyChainService.swift */,
			);
			path = key_value_key_chain;
			sourceTree = "<group>";
		};
		E49F7CD4210AC16200CF24F0 /* internal */ = {
			isa = PBXGroup;
			children = (
				E49F7CD5210AC18200CF24F0 /* KeyChainService.swift */,
			);
			path = internal;
			sourceTree = "<group>";
		};
		E49F7CF7210C20EE00CF24F0 /* key_value_aide */ = {
			isa = PBXGroup;
			children = (
				E49F7CF8210C447400CF24F0 /* KVJSONAide.swift */,
			);
			path = key_value_aide;
			sourceTree = "<group>";
		};
		E49F7D00210C66B900CF24F0 /* tool */ = {
			isa = PBXGroup;
			children = (
				E4710E5A21364BD4003F6798 /* url */,
			);
			path = tool;
			sourceTree = "<group>";
		};
		E4D091A6242C5248007CEF88 /* db_aide */ = {
			isa = PBXGroup;
			children = (
				E4D091A9242C58FD007CEF88 /* ColumnModel.swift */,
				E4D091A7242C5265007CEF88 /* DBAide.swift */,
			);
			path = db_aide;
			sourceTree = "<group>";
		};
		E4D091AD242C8204007CEF88 /* key_value_table */ = {
			isa = PBXGroup;
			children = (
				E4D091AB242C5C5F007CEF88 /* KVTableService.swift */,
			);
			path = key_value_table;
			sourceTree = "<group>";
		};
		E4FD6C9421129DBC00ECAF4E /* CICOPersistentStandardTests */ = {
			isa = PBXGroup;
			children = (
				E4710E672136C278003F6798 /* FileURLTests.swift */,
				E4FD6DBF211550E400ECAF4E /* KVDBServiceTests.swift */,
				E4FD6C9E21129E4100ECAF4E /* KVFileServiceTests.swift */,
				E4FD6DBD2115505A00ECAF4E /* KVKeyChainServiceTests.swift */,
				E4FD6DC12115533000ECAF4E /* ORMDBServiceTests.swift */,
				E4FD6DBB21154B5D00ECAF4E /* URLKVFileServiceTests.swift */,
				E4FD6DB2211483BF00ECAF4E /* internal */,
			);
			path = CICOPersistentStandardTests;
			sourceTree = "<group>";
		};
		E4FD6CA121129F4C00ECAF4E /* sourcery */ = {
			isa = PBXGroup;
			children = (
				E4FD6CA221129F4C00ECAF4E /* auto_generated */,
			);
			path = sourcery;
			sourceTree = "<group>";
		};
		E4FD6CA221129F4C00ECAF4E /* auto_generated */ = {
			isa = PBXGroup;
			children = (
				E4FD6CA321129F4C00ECAF4E /* show_all_type.generated.swift */,
				E4FD6DC62115569000ECAF4E /* AutoEquatable.generated.swift */,
			);
			path = auto_generated;
			sourceTree = "<group>";
		};
		E4FD6DB2211483BF00ECAF4E /* internal */ = {
			isa = PBXGroup;
			children = (
				E41F767420C9384300399E42 /* default.json */,
				E4FD6DF5211C34DE00ECAF4E /* my.json */,
				E4FD6C9721129DBC00ECAF4E /* Info.plist */,
				E4FD6DC3211555F900ECAF4E /* AutoEquatable.swift */,
				E442E6C823B7421000B9C95D /* DebugAide.swift */,
				E4FD6DB621153E8600ECAF4E /* JSONStringAide.swift */,
				E4FD6DF6211C34DE00ECAF4E /* MyClass.swift */,
				E45C2FC1242B027600D2F49D /* TAutoIncrement.swift */,
				E41F767520C9384300399E42 /* TCodableClass.swift */,
				E41F767320C9384300399E42 /* TCodableStruct.swift */,
				E47E294B24C14F2800F0B7D7 /* TDoubleStruct.swift */,
				E47E294924C14E5800F0B7D7 /* TIntStruct.swift */,
				E4E6380823600636009DE3A5 /* TMemoryBytes.swift */,
			);
			path = internal;
			sourceTree = "<group>";
		};
/* End PBXGroup section */

/* Begin PBXHeadersBuildPhase section */
		9628CD362CDC9DCA00965DC1 /* Headers */ = {
			isa = PBXHeadersBuildPhase;
			buildActionMask = 2147483647;
			files = (
			);
			runOnlyForDeploymentPostprocessing = 0;
		};
		9628CD892CDCB05C00965DC1 /* Headers */ = {
			isa = PBXHeadersBuildPhase;
			buildActionMask = 2147483647;
			files = (
				9628CDFD2CDCB18D00965DC1 /* CICOPersistentStandard.h in Headers */,
			);
			runOnlyForDeploymentPostprocessing = 0;
		};
		E41F763820C8D2F300399E42 /* Headers */ = {
			isa = PBXHeadersBuildPhase;
			buildActionMask = 2147483647;
			files = (
				9628CDFF2CDCB20000965DC1 /* CICOPersistent.h in Headers */,
			);
			runOnlyForDeploymentPostprocessing = 0;
		};
/* End PBXHeadersBuildPhase section */

/* Begin PBXNativeTarget section */
		9628CD3A2CDC9DCA00965DC1 /* CICOPersistentCipher */ = {
			isa = PBXNativeTarget;
			buildConfigurationList = 9628CD572CDC9DCB00965DC1 /* Build configuration list for PBXNativeTarget "CICOPersistentCipher" */;
			buildPhases = (
				9628CD362CDC9DCA00965DC1 /* Headers */,
				9628CD372CDC9DCA00965DC1 /* Sources */,
				9628CD382CDC9DCA00965DC1 /* Frameworks */,
				9628CD392CDC9DCA00965DC1 /* Resources */,
			);
			buildRules = (
			);
			dependencies = (
				9628CD5A2CDC9DF100965DC1 /* PBXTargetDependency */,
				9628CD6C2CDC9EE100965DC1 /* PBXTargetDependency */,
			);
			fileSystemSynchronizedGroups = (
				9628CD3C2CDC9DCA00965DC1 /* CICOPersistentCipher */,
			);
			name = CICOPersistentCipher;
			packageProductDependencies = (
			);
			productName = CICOPersistentCipher;
			productReference = 9628CD3B2CDC9DCA00965DC1 /* CICOPersistentCipher.framework */;
			productType = "com.apple.product-type.framework";
		};
		9628CD432CDC9DCB00965DC1 /* CICOPersistentCipherTests */ = {
			isa = PBXNativeTarget;
			buildConfigurationList = 9628CD582CDC9DCB00965DC1 /* Build configuration list for PBXNativeTarget "CICOPersistentCipherTests" */;
			buildPhases = (
				9628CD402CDC9DCB00965DC1 /* Sources */,
				9628CD412CDC9DCB00965DC1 /* Frameworks */,
				9628CD422CDC9DCB00965DC1 /* Resources */,
			);
			buildRules = (
			);
			dependencies = (
				9628CD472CDC9DCB00965DC1 /* PBXTargetDependency */,
			);
			fileSystemSynchronizedGroups = (
				9628CD4A2CDC9DCB00965DC1 /* CICOPersistentCipherTests */,
			);
			name = CICOPersistentCipherTests;
			packageProductDependencies = (
			);
			productName = CICOPersistentCipherTests;
			productReference = 9628CD442CDC9DCB00965DC1 /* CICOPersistentCipherTests.xctest */;
			productType = "com.apple.product-type.bundle.unit-test";
		};
		9628CD8D2CDCB05C00965DC1 /* CICOPersistentStandard */ = {
			isa = PBXNativeTarget;
			buildConfigurationList = 9628CD972CDCB05D00965DC1 /* Build configuration list for PBXNativeTarget "CICOPersistentStandard" */;
			buildPhases = (
				9628CD892CDCB05C00965DC1 /* Headers */,
				9628CD8A2CDCB05C00965DC1 /* Sources */,
				9628CD8B2CDCB05C00965DC1 /* Frameworks */,
				9628CD8C2CDCB05C00965DC1 /* Resources */,
			);
			buildRules = (
			);
			dependencies = (
				9628CDF42CDCB08E00965DC1 /* PBXTargetDependency */,
			);
			name = CICOPersistentStandard;
			packageProductDependencies = (
			);
			productName = CICOPersistent;
			productReference = 9628CD8E2CDCB05C00965DC1 /* CICOPersistentStandard.framework */;
			productType = "com.apple.product-type.framework";
		};
		E41F763A20C8D2F300399E42 /* CICOPersistent */ = {
			isa = PBXNativeTarget;
			buildConfigurationList = E41F764320C8D2F300399E42 /* Build configuration list for PBXNativeTarget "CICOPersistent" */;
			buildPhases = (
				E41F763620C8D2F300399E42 /* Sources */,
				E41F763720C8D2F300399E42 /* Frameworks */,
				E41F763820C8D2F300399E42 /* Headers */,
				E41F763920C8D2F300399E42 /* Resources */,
				E4081E7C22FBD45D0087C3D3 /* SwiftLint */,
			);
			buildRules = (
			);
			dependencies = (
			);
			name = CICOPersistent;
			productName = CICOPersistent;
			productReference = E41F763B20C8D2F300399E42 /* CICOPersistent.framework */;
			productType = "com.apple.product-type.framework";
		};
		E41F765920C9302300399E42 /* CICOPersistentDemo */ = {
			isa = PBXNativeTarget;
			buildConfigurationList = E41F766920C9302400399E42 /* Build configuration list for PBXNativeTarget "CICOPersistentDemo" */;
			buildPhases = (
				E41F765620C9302300399E42 /* Sources */,
				E41F765720C9302300399E42 /* Frameworks */,
				E41F765820C9302300399E42 /* Resources */,
				E41F767020C9313000399E42 /* Embed Frameworks */,
				E4FD6CA021129F2000ECAF4E /* CICOAutoCodable */,
			);
			buildRules = (
			);
			dependencies = (
				9628CD932CDCB05D00965DC1 /* PBXTargetDependency */,
			);
			name = CICOPersistentDemo;
			productName = CICOPersistentDemo;
			productReference = E41F765A20C9302300399E42 /* CICOPersistentDemo.app */;
			productType = "com.apple.product-type.application";
		};
		E4FD6C9221129DBC00ECAF4E /* CICOPersistentStandardTests */ = {
			isa = PBXNativeTarget;
			buildConfigurationList = E4FD6C9D21129DBC00ECAF4E /* Build configuration list for PBXNativeTarget "CICOPersistentStandardTests" */;
			buildPhases = (
				E4FD6C8F21129DBC00ECAF4E /* Sources */,
				E4FD6C9021129DBC00ECAF4E /* Frameworks */,
				E4FD6C9121129DBC00ECAF4E /* Resources */,
			);
			buildRules = (
			);
			dependencies = (
				9628CE032CDCB46C00965DC1 /* PBXTargetDependency */,
			);
			name = CICOPersistentStandardTests;
			productName = CICOPersistentTests;
			productReference = E4FD6C9321129DBC00ECAF4E /* CICOPersistentStandardTests.xctest */;
			productType = "com.apple.product-type.bundle.unit-test";
		};
/* End PBXNativeTarget section */

/* Begin PBXProject section */
		E41F763220C8D2F300399E42 /* Project object */ = {
			isa = PBXProject;
			attributes = {
				LastSwiftUpdateCheck = 1600;
				LastUpgradeCheck = 1310;
				ORGANIZATIONNAME = cico;
				TargetAttributes = {
					9628CD3A2CDC9DCA00965DC1 = {
						CreatedOnToolsVersion = 16.0;
					};
					9628CD432CDC9DCB00965DC1 = {
						CreatedOnToolsVersion = 16.0;
					};
					9628CD8D2CDCB05C00965DC1 = {
						CreatedOnToolsVersion = 16.0;
					};
					E41F763A20C8D2F300399E42 = {
						CreatedOnToolsVersion = 9.3;
						LastSwiftMigration = 1020;
					};
					E41F765920C9302300399E42 = {
						CreatedOnToolsVersion = 9.3;
						LastSwiftMigration = 1000;
						SystemCapabilities = {
							com.apple.Keychain = {
								enabled = 1;
							};
						};
					};
					E4FD6C9221129DBC00ECAF4E = {
						CreatedOnToolsVersion = 9.4;
						LastSwiftMigration = 1020;
					};
				};
			};
			buildConfigurationList = E41F763520C8D2F300399E42 /* Build configuration list for PBXProject "CICOPersistent" */;
			compatibilityVersion = "Xcode 9.3";
			developmentRegion = en;
			hasScannedForEncodings = 0;
			knownRegions = (
				en,
				Base,
			);
			mainGroup = E41F763120C8D2F300399E42;
			productRefGroup = E41F763C20C8D2F300399E42 /* Products */;
			projectDirPath = "";
			projectRoot = "";
			targets = (
				E41F763A20C8D2F300399E42 /* CICOPersistent */,
				9628CD8D2CDCB05C00965DC1 /* CICOPersistentStandard */,
				E4FD6C9221129DBC00ECAF4E /* CICOPersistentStandardTests */,
				9628CD3A2CDC9DCA00965DC1 /* CICOPersistentCipher */,
				9628CD432CDC9DCB00965DC1 /* CICOPersistentCipherTests */,
				E41F765920C9302300399E42 /* CICOPersistentDemo */,
			);
		};
/* End PBXProject section */

/* Begin PBXResourcesBuildPhase section */
		9628CD392CDC9DCA00965DC1 /* Resources */ = {
			isa = PBXResourcesBuildPhase;
			buildActionMask = 2147483647;
			files = (
			);
			runOnlyForDeploymentPostprocessing = 0;
		};
		9628CD422CDC9DCB00965DC1 /* Resources */ = {
			isa = PBXResourcesBuildPhase;
			buildActionMask = 2147483647;
			files = (
				9628CD872CDCAFB800965DC1 /* default.json in Resources */,
				9628CD882CDCAFB800965DC1 /* my.json in Resources */,
			);
			runOnlyForDeploymentPostprocessing = 0;
		};
		9628CD8C2CDCB05C00965DC1 /* Resources */ = {
			isa = PBXResourcesBuildPhase;
			buildActionMask = 2147483647;
			files = (
			);
			runOnlyForDeploymentPostprocessing = 0;
		};
		E41F763920C8D2F300399E42 /* Resources */ = {
			isa = PBXResourcesBuildPhase;
			buildActionMask = 2147483647;
			files = (
			);
			runOnlyForDeploymentPostprocessing = 0;
		};
		E41F765820C9302300399E42 /* Resources */ = {
			isa = PBXResourcesBuildPhase;
			buildActionMask = 2147483647;
			files = (
				E41F766720C9302400399E42 /* LaunchScreen.storyboard in Resources */,
				E4231065211C39070057DCD4 /* my.json in Resources */,
				E41F767720C9384300399E42 /* default.json in Resources */,
				E41F766420C9302400399E42 /* Assets.xcassets in Resources */,
				E41F766220C9302300399E42 /* Main.storyboard in Resources */,
			);
			runOnlyForDeploymentPostprocessing = 0;
		};
		E4FD6C9121129DBC00ECAF4E /* Resources */ = {
			isa = PBXResourcesBuildPhase;
			buildActionMask = 2147483647;
			files = (
				E4FD6DB321153E4600ECAF4E /* default.json in Resources */,
				E4FD6DF7211C34DE00ECAF4E /* my.json in Resources */,
			);
			runOnlyForDeploymentPostprocessing = 0;
		};
/* End PBXResourcesBuildPhase section */

/* Begin PBXShellScriptBuildPhase section */
		E4081E7C22FBD45D0087C3D3 /* SwiftLint */ = {
			isa = PBXShellScriptBuildPhase;
			buildActionMask = 2147483647;
			files = (
			);
			inputFileListPaths = (
			);
			inputPaths = (
			);
			name = SwiftLint;
			outputFileListPaths = (
			);
			outputPaths = (
			);
			runOnlyForDeploymentPostprocessing = 0;
			shellPath = /bin/sh;
			shellScript = "if [ \"${CONFIGURATION}\" = \"Debug\" ]; then\n    if which swiftlint >/dev/null; then\n        swiftlint\n    else\n        echo \"warning: SwiftLint not installed, download from https://github.com/realm/SwiftLint\"\n    fi\nfi\n";
		};
		E4FD6CA021129F2000ECAF4E /* CICOAutoCodable */ = {
			isa = PBXShellScriptBuildPhase;
			buildActionMask = 2147483647;
			files = (
			);
			inputPaths = (
			);
			name = CICOAutoCodable;
			outputPaths = (
			);
			runOnlyForDeploymentPostprocessing = 0;
			shellPath = /bin/sh;
			shellScript = "if [ \"${CONFIGURATION}\" = \"Debug\" ]; then\n    if which sourcery >/dev/null; then\n        sourcery --disableCache\n    else\n        echo \"[WARNING]: Sourcery is not installed, install using \\\"brew install sourcery\\\".\"\n    fi\nfi\n";
		};
/* End PBXShellScriptBuildPhase section */

/* Begin PBXSourcesBuildPhase section */
		9628CD372CDC9DCA00965DC1 /* Sources */ = {
			isa = PBXSourcesBuildPhase;
			buildActionMask = 2147483647;
			files = (
			);
			runOnlyForDeploymentPostprocessing = 0;
		};
		9628CD402CDC9DCB00965DC1 /* Sources */ = {
			isa = PBXSourcesBuildPhase;
			buildActionMask = 2147483647;
			files = (
				9628CD822CDCAC8000965DC1 /* AutoEquatable.generated.swift in Sources */,
				9628CD832CDCACE100965DC1 /* TMemoryBytes.swift in Sources */,
				967C34F22CDCD09000A909E4 /* DebugAide.swift in Sources */,
				9628CD862CDCAED000965DC1 /* MyClass.swift in Sources */,
				9628CD852CDCAEBF00965DC1 /* AutoEquatable.swift in Sources */,
				9628CD802CDCABA900965DC1 /* JSONStringAide.swift in Sources */,
				9628CD842CDCACE900965DC1 /* TCodableStruct.swift in Sources */,
				9628CD812CDCABC000965DC1 /* TCodableClass.swift in Sources */,
			);
			runOnlyForDeploymentPostprocessing = 0;
		};
		9628CD8A2CDCB05C00965DC1 /* Sources */ = {
			isa = PBXSourcesBuildPhase;
			buildActionMask = 2147483647;
			files = (
			);
			runOnlyForDeploymentPostprocessing = 0;
		};
		E41F763620C8D2F300399E42 /* Sources */ = {
			isa = PBXSourcesBuildPhase;
			buildActionMask = 2147483647;
			files = (
				E42B66B12106D269006EBAC2 /* ORMTableInfoModel.swift in Sources */,
				E418B64321C131D000D042F0 /* ORMDBServiceAide.swift in Sources */,
				E48112212313D21C001DA5B9 /* ORMTableInfoAide.swift in Sources */,
				E4D091AF242C950B007CEF88 /* ORMDBService+KV.swift in Sources */,
				E48112332313DB69001DA5B9 /* PersistentService+KVKeyChain.swift in Sources */,
				E418B64521C1329D00D042F0 /* PersistentServiceAide.swift in Sources */,
				E492B4B220EB188200BC48A4 /* SQLiteType.swift in Sources */,
				E49F7CD6210AC18200CF24F0 /* KeyChainService.swift in Sources */,
				E481122D2313DB33001DA5B9 /* PersistentService+KVFile.swift in Sources */,
				E4D091AC242C5C5F007CEF88 /* KVTableService.swift in Sources */,
				E482ED0720CE167B001FF435 /* KVDBService.swift in Sources */,
				E481121D230FD64B001DA5B9 /* ORMDBServiceInnerAide.swift in Sources */,
				E42B66A42102CECE006EBAC2 /* ORMProtocol.swift in Sources */,
				E481121F230FD7BD001DA5B9 /* ParamConfigModel.swift in Sources */,
				E41F764720C8D32A00399E42 /* PersistentService.swift in Sources */,
				E49F7CF9210C447400CF24F0 /* KVJSONAide.swift in Sources */,
				E49F7CD8210ACE8700CF24F0 /* KVKeyChainService.swift in Sources */,
				E418B63F21C1301B00D042F0 /* KVDBServiceAide.swift in Sources */,
				E492B4DD20EC6FB200BC48A4 /* SQLiteTypeDecoder.swift in Sources */,
				E4D091AA242C58FD007CEF88 /* ColumnModel.swift in Sources */,
				E48112292313D907001DA5B9 /* ORMDBService+Remove.swift in Sources */,
				E481122F2313DB4D001DA5B9 /* PersistentService+KVDB.swift in Sources */,
				E48112312313DB5B001DA5B9 /* PersistentService+ORMDB.swift in Sources */,
				E48112252313D7A3001DA5B9 /* ORMDBService+Write.swift in Sources */,
				E4710E5C21364BF2003F6798 /* FileURL.swift in Sources */,
				E48112272313D8F8001DA5B9 /* ORMDBService+Read.swift in Sources */,
				E482ED1420CF6950001FF435 /* KVFileService.swift in Sources */,
				E42B66AF2102E320006EBAC2 /* URLKVFileService.swift in Sources */,
				E481122B2313DAAF001DA5B9 /* PersistentService+UserDefaults.swift in Sources */,
				E484B44920DCA34600FE0AC9 /* ORMDBService.swift in Sources */,
				E418B64121C1315E00D042F0 /* KVFileServiceAide.swift in Sources */,
				E4D091A8242C5265007CEF88 /* DBAide.swift in Sources */,
				E42B665C21002DDD006EBAC2 /* SQLiteRecordEncoder.swift in Sources */,
				E420CDB320F84EF900D1BA63 /* TypeProperty.swift in Sources */,
				E41958BB20F8971D007EA4B4 /* SQLiteRecordDecoder.swift in Sources */,
			);
			runOnlyForDeploymentPostprocessing = 0;
		};
		E41F765620C9302300399E42 /* Sources */ = {
			isa = PBXSourcesBuildPhase;
			buildActionMask = 2147483647;
			files = (
				E41F767620C9384300399E42 /* TCodableStruct.swift in Sources */,
				E4E6380A2360063F009DE3A5 /* TMemoryBytes.swift in Sources */,
				E41F765F20C9302300399E42 /* ViewController.swift in Sources */,
				E41F767820C9384300399E42 /* TCodableClass.swift in Sources */,
				E4FD6DC52115566C00ECAF4E /* AutoEquatable.swift in Sources */,
				E4FD6DB821153E9000ECAF4E /* JSONStringAide.swift in Sources */,
				E41F765D20C9302300399E42 /* AppDelegate.swift in Sources */,
				E4231066211C39090057DCD4 /* MyClass.swift in Sources */,
			);
			runOnlyForDeploymentPostprocessing = 0;
		};
		E4FD6C8F21129DBC00ECAF4E /* Sources */ = {
			isa = PBXSourcesBuildPhase;
			buildActionMask = 2147483647;
			files = (
				E4FD6DC72115569000ECAF4E /* AutoEquatable.generated.swift in Sources */,
				E47E294C24C14F2800F0B7D7 /* TDoubleStruct.swift in Sources */,
				E45C2FC2242B027600D2F49D /* TAutoIncrement.swift in Sources */,
				E4710E682136C278003F6798 /* FileURLTests.swift in Sources */,
				E4FD6DC0211550E400ECAF4E /* KVDBServiceTests.swift in Sources */,
				E4107D4F243EF65D0089A296 /* DebugAide.swift in Sources */,
				E4FD6DF8211C34DE00ECAF4E /* MyClass.swift in Sources */,
				E4FD6DB521153E4B00ECAF4E /* TCodableStruct.swift in Sources */,
				E4FD6DC22115533000ECAF4E /* ORMDBServiceTests.swift in Sources */,
				E4E6380923600636009DE3A5 /* TMemoryBytes.swift in Sources */,
				E4FD6DB421153E4900ECAF4E /* TCodableClass.swift in Sources */,
				E4FD6DBE2115505A00ECAF4E /* KVKeyChainServiceTests.swift in Sources */,
				E4FD6DBC21154B5E00ECAF4E /* URLKVFileServiceTests.swift in Sources */,
				E4FD6DC4211555F900ECAF4E /* AutoEquatable.swift in Sources */,
				E4FD6C9F21129E4100ECAF4E /* KVFileServiceTests.swift in Sources */,
				E47E294A24C14E5800F0B7D7 /* TIntStruct.swift in Sources */,
				E4FD6DB721153E8600ECAF4E /* JSONStringAide.swift in Sources */,
			);
			runOnlyForDeploymentPostprocessing = 0;
		};
/* End PBXSourcesBuildPhase section */

/* Begin PBXTargetDependency section */
		9628CD472CDC9DCB00965DC1 /* PBXTargetDependency */ = {
			isa = PBXTargetDependency;
			target = 9628CD3A2CDC9DCA00965DC1 /* CICOPersistentCipher */;
			targetProxy = 9628CD462CDC9DCB00965DC1 /* PBXContainerItemProxy */;
		};
		9628CD5A2CDC9DF100965DC1 /* PBXTargetDependency */ = {
			isa = PBXTargetDependency;
			target = E41F763A20C8D2F300399E42 /* CICOPersistent */;
			targetProxy = 9628CD592CDC9DF100965DC1 /* PBXContainerItemProxy */;
		};
		9628CD6C2CDC9EE100965DC1 /* PBXTargetDependency */ = {
			isa = PBXTargetDependency;
			target = E41F763A20C8D2F300399E42 /* CICOPersistent */;
			targetProxy = 9628CD6B2CDC9EE100965DC1 /* PBXContainerItemProxy */;
		};
		9628CD932CDCB05D00965DC1 /* PBXTargetDependency */ = {
			isa = PBXTargetDependency;
			target = 9628CD8D2CDCB05C00965DC1 /* CICOPersistentStandard */;
			targetProxy = 9628CD922CDCB05D00965DC1 /* PBXContainerItemProxy */;
		};
		9628CDF42CDCB08E00965DC1 /* PBXTargetDependency */ = {
			isa = PBXTargetDependency;
			target = E41F763A20C8D2F300399E42 /* CICOPersistent */;
			targetProxy = 9628CDF32CDCB08E00965DC1 /* PBXContainerItemProxy */;
		};
		9628CE032CDCB46C00965DC1 /* PBXTargetDependency */ = {
			isa = PBXTargetDependency;
			target = 9628CD8D2CDCB05C00965DC1 /* CICOPersistentStandard */;
			targetProxy = 9628CE022CDCB46C00965DC1 /* PBXContainerItemProxy */;
		};
/* End PBXTargetDependency section */

/* Begin PBXVariantGroup section */
		E41F766020C9302300399E42 /* Main.storyboard */ = {
			isa = PBXVariantGroup;
			children = (
				E41F766120C9302300399E42 /* Base */,
			);
			name = Main.storyboard;
			sourceTree = "<group>";
		};
		E41F766520C9302400399E42 /* LaunchScreen.storyboard */ = {
			isa = PBXVariantGroup;
			children = (
				E41F766620C9302400399E42 /* Base */,
			);
			name = LaunchScreen.storyboard;
			sourceTree = "<group>";
		};
/* End PBXVariantGroup section */

/* Begin XCBuildConfiguration section */
		9628CD522CDC9DCB00965DC1 /* Debug */ = {
			isa = XCBuildConfiguration;
			buildSettings = {
				ASSETCATALOG_COMPILER_GENERATE_SWIFT_ASSET_SYMBOL_EXTENSIONS = YES;
				BUILD_LIBRARY_FOR_DISTRIBUTION = YES;
				CLANG_CXX_LANGUAGE_STANDARD = "gnu++20";
				CODE_SIGN_STYLE = Automatic;
				CURRENT_PROJECT_VERSION = 58;
				DEFINES_MODULE = YES;
				DEVELOPMENT_TEAM = "";
				DYLIB_COMPATIBILITY_VERSION = 1;
				DYLIB_CURRENT_VERSION = 1;
				DYLIB_INSTALL_NAME_BASE = "@rpath";
				ENABLE_MODULE_VERIFIER = YES;
				ENABLE_USER_SCRIPT_SANDBOXING = NO;
				GCC_C_LANGUAGE_STANDARD = gnu17;
				GCC_PREPROCESSOR_DEFINITIONS = (
					"DEBUG=1",
					"$(inherited)",
					"SQLITE_HAS_CODEC=1",
				);
				GENERATE_INFOPLIST_FILE = YES;
				INFOPLIST_KEY_NSHumanReadableCopyright = "Copyright © 2024 cico. All rights reserved.";
				INSTALL_PATH = "$(LOCAL_LIBRARY_DIR)/Frameworks";
				IPHONEOS_DEPLOYMENT_TARGET = 12.0;
				LD_RUNPATH_SEARCH_PATHS = (
					"$(inherited)",
					"@executable_path/Frameworks",
					"@loader_path/Frameworks",
				);
				LOCALIZATION_PREFERS_STRING_CATALOGS = YES;
				MARKETING_VERSION = 0.38;
				MODULE_VERIFIER_SUPPORTED_LANGUAGES = "objective-c objective-c++";
				MODULE_VERIFIER_SUPPORTED_LANGUAGE_STANDARDS = "gnu17 gnu++20";
				MTL_ENABLE_DEBUG_INFO = INCLUDE_SOURCE;
				MTL_FAST_MATH = YES;
				PRODUCT_BUNDLE_IDENTIFIER = com.cico.CICOPersistentCipher;
				PRODUCT_NAME = "$(TARGET_NAME:c99extidentifier)";
				SKIP_INSTALL = YES;
				SWIFT_ACTIVE_COMPILATION_CONDITIONS = "DEBUG $(inherited)";
				SWIFT_EMIT_LOC_STRINGS = YES;
				SWIFT_INSTALL_OBJC_HEADER = NO;
				SWIFT_VERSION = 5.0;
				TARGETED_DEVICE_FAMILY = "1,2";
			};
			name = Debug;
		};
		9628CD532CDC9DCB00965DC1 /* Release */ = {
			isa = XCBuildConfiguration;
			buildSettings = {
				ASSETCATALOG_COMPILER_GENERATE_SWIFT_ASSET_SYMBOL_EXTENSIONS = YES;
				BUILD_LIBRARY_FOR_DISTRIBUTION = YES;
				CLANG_CXX_LANGUAGE_STANDARD = "gnu++20";
				CODE_SIGN_STYLE = Automatic;
				CURRENT_PROJECT_VERSION = 58;
				DEFINES_MODULE = YES;
				DEVELOPMENT_TEAM = "";
				DYLIB_COMPATIBILITY_VERSION = 1;
				DYLIB_CURRENT_VERSION = 1;
				DYLIB_INSTALL_NAME_BASE = "@rpath";
				ENABLE_MODULE_VERIFIER = YES;
				ENABLE_USER_SCRIPT_SANDBOXING = NO;
				GCC_C_LANGUAGE_STANDARD = gnu17;
				GCC_PREPROCESSOR_DEFINITIONS = "SQLITE_HAS_CODEC=1";
				GENERATE_INFOPLIST_FILE = YES;
				INFOPLIST_KEY_NSHumanReadableCopyright = "Copyright © 2024 cico. All rights reserved.";
				INSTALL_PATH = "$(LOCAL_LIBRARY_DIR)/Frameworks";
				IPHONEOS_DEPLOYMENT_TARGET = 12.0;
				LD_RUNPATH_SEARCH_PATHS = (
					"$(inherited)",
					"@executable_path/Frameworks",
					"@loader_path/Frameworks",
				);
				LOCALIZATION_PREFERS_STRING_CATALOGS = YES;
				MARKETING_VERSION = 0.38;
				MODULE_VERIFIER_SUPPORTED_LANGUAGES = "objective-c objective-c++";
				MODULE_VERIFIER_SUPPORTED_LANGUAGE_STANDARDS = "gnu17 gnu++20";
				MTL_FAST_MATH = YES;
				PRODUCT_BUNDLE_IDENTIFIER = com.cico.CICOPersistentCipher;
				PRODUCT_NAME = "$(TARGET_NAME:c99extidentifier)";
				SKIP_INSTALL = YES;
				SWIFT_EMIT_LOC_STRINGS = YES;
				SWIFT_INSTALL_OBJC_HEADER = NO;
				SWIFT_VERSION = 5.0;
				TARGETED_DEVICE_FAMILY = "1,2";
			};
			name = Release;
		};
		9628CD542CDC9DCB00965DC1 /* Debug */ = {
			isa = XCBuildConfiguration;
			buildSettings = {
				ASSETCATALOG_COMPILER_GENERATE_SWIFT_ASSET_SYMBOL_EXTENSIONS = YES;
				CLANG_CXX_LANGUAGE_STANDARD = "gnu++20";
				CODE_SIGN_STYLE = Automatic;
				CURRENT_PROJECT_VERSION = "";
				DEVELOPMENT_TEAM = Q3H7T2VPJ2;
				ENABLE_USER_SCRIPT_SANDBOXING = YES;
				GCC_C_LANGUAGE_STANDARD = gnu17;
				GENERATE_INFOPLIST_FILE = YES;
				IPHONEOS_DEPLOYMENT_TARGET = 12.0;
				LOCALIZATION_PREFERS_STRING_CATALOGS = YES;
				MARKETING_VERSION = "";
				MTL_ENABLE_DEBUG_INFO = INCLUDE_SOURCE;
				MTL_FAST_MATH = YES;
				PRODUCT_BUNDLE_IDENTIFIER = com.cico.CICOPersistentCipherTests;
				PRODUCT_NAME = "$(TARGET_NAME)";
				SWIFT_ACTIVE_COMPILATION_CONDITIONS = "DEBUG $(inherited)";
				SWIFT_EMIT_LOC_STRINGS = NO;
				SWIFT_VERSION = 5.0;
				TARGETED_DEVICE_FAMILY = "1,2";
			};
			name = Debug;
		};
		9628CD552CDC9DCB00965DC1 /* Release */ = {
			isa = XCBuildConfiguration;
			buildSettings = {
				ASSETCATALOG_COMPILER_GENERATE_SWIFT_ASSET_SYMBOL_EXTENSIONS = YES;
				CLANG_CXX_LANGUAGE_STANDARD = "gnu++20";
				CODE_SIGN_STYLE = Automatic;
				CURRENT_PROJECT_VERSION = "";
				DEVELOPMENT_TEAM = Q3H7T2VPJ2;
				ENABLE_USER_SCRIPT_SANDBOXING = YES;
				GCC_C_LANGUAGE_STANDARD = gnu17;
				GENERATE_INFOPLIST_FILE = YES;
				IPHONEOS_DEPLOYMENT_TARGET = 12.0;
				LOCALIZATION_PREFERS_STRING_CATALOGS = YES;
				MARKETING_VERSION = "";
				MTL_FAST_MATH = YES;
				PRODUCT_BUNDLE_IDENTIFIER = com.cico.CICOPersistentCipherTests;
				PRODUCT_NAME = "$(TARGET_NAME)";
				SWIFT_EMIT_LOC_STRINGS = NO;
				SWIFT_VERSION = 5.0;
				TARGETED_DEVICE_FAMILY = "1,2";
			};
			name = Release;
		};
		9628CD982CDCB05D00965DC1 /* Debug */ = {
			isa = XCBuildConfiguration;
			buildSettings = {
				ASSETCATALOG_COMPILER_GENERATE_SWIFT_ASSET_SYMBOL_EXTENSIONS = YES;
				BUILD_LIBRARY_FOR_DISTRIBUTION = YES;
				CLANG_CXX_LANGUAGE_STANDARD = "gnu++20";
				CODE_SIGN_STYLE = Automatic;
				CURRENT_PROJECT_VERSION = 58;
				DEFINES_MODULE = YES;
				DEVELOPMENT_TEAM = "";
				DYLIB_COMPATIBILITY_VERSION = 1;
				DYLIB_CURRENT_VERSION = 1;
				DYLIB_INSTALL_NAME_BASE = "@rpath";
				ENABLE_MODULE_VERIFIER = YES;
				ENABLE_USER_SCRIPT_SANDBOXING = NO;
				GCC_C_LANGUAGE_STANDARD = gnu17;
				GENERATE_INFOPLIST_FILE = YES;
				INFOPLIST_KEY_NSHumanReadableCopyright = "Copyright © 2024 cico. All rights reserved.";
				INSTALL_PATH = "$(LOCAL_LIBRARY_DIR)/Frameworks";
				IPHONEOS_DEPLOYMENT_TARGET = 12.0;
				LD_RUNPATH_SEARCH_PATHS = (
					"$(inherited)",
					"@executable_path/Frameworks",
					"@loader_path/Frameworks",
				);
				LOCALIZATION_PREFERS_STRING_CATALOGS = YES;
				MARKETING_VERSION = 0.38;
				MODULE_VERIFIER_SUPPORTED_LANGUAGES = "objective-c objective-c++";
				MODULE_VERIFIER_SUPPORTED_LANGUAGE_STANDARDS = "gnu17 gnu++20";
				MTL_ENABLE_DEBUG_INFO = INCLUDE_SOURCE;
				MTL_FAST_MATH = YES;
				PRODUCT_BUNDLE_IDENTIFIER = com.cico.CICOPersistent;
				PRODUCT_NAME = "$(TARGET_NAME:c99extidentifier)";
				SKIP_INSTALL = YES;
				SWIFT_ACTIVE_COMPILATION_CONDITIONS = "DEBUG $(inherited)";
				SWIFT_EMIT_LOC_STRINGS = YES;
				SWIFT_INSTALL_OBJC_HEADER = NO;
				SWIFT_VERSION = 5.0;
				TARGETED_DEVICE_FAMILY = "1,2";
			};
			name = Debug;
		};
		9628CD992CDCB05D00965DC1 /* Release */ = {
			isa = XCBuildConfiguration;
			buildSettings = {
				ASSETCATALOG_COMPILER_GENERATE_SWIFT_ASSET_SYMBOL_EXTENSIONS = YES;
				BUILD_LIBRARY_FOR_DISTRIBUTION = YES;
				CLANG_CXX_LANGUAGE_STANDARD = "gnu++20";
				CODE_SIGN_STYLE = Automatic;
				CURRENT_PROJECT_VERSION = 58;
				DEFINES_MODULE = YES;
				DEVELOPMENT_TEAM = "";
				DYLIB_COMPATIBILITY_VERSION = 1;
				DYLIB_CURRENT_VERSION = 1;
				DYLIB_INSTALL_NAME_BASE = "@rpath";
				ENABLE_MODULE_VERIFIER = YES;
				ENABLE_USER_SCRIPT_SANDBOXING = NO;
				GCC_C_LANGUAGE_STANDARD = gnu17;
				GENERATE_INFOPLIST_FILE = YES;
				INFOPLIST_KEY_NSHumanReadableCopyright = "Copyright © 2024 cico. All rights reserved.";
				INSTALL_PATH = "$(LOCAL_LIBRARY_DIR)/Frameworks";
				IPHONEOS_DEPLOYMENT_TARGET = 12.0;
				LD_RUNPATH_SEARCH_PATHS = (
					"$(inherited)",
					"@executable_path/Frameworks",
					"@loader_path/Frameworks",
				);
				LOCALIZATION_PREFERS_STRING_CATALOGS = YES;
				MARKETING_VERSION = 0.38;
				MODULE_VERIFIER_SUPPORTED_LANGUAGES = "objective-c objective-c++";
				MODULE_VERIFIER_SUPPORTED_LANGUAGE_STANDARDS = "gnu17 gnu++20";
				MTL_FAST_MATH = YES;
				PRODUCT_BUNDLE_IDENTIFIER = com.cico.CICOPersistent;
				PRODUCT_NAME = "$(TARGET_NAME:c99extidentifier)";
				SKIP_INSTALL = YES;
				SWIFT_EMIT_LOC_STRINGS = YES;
				SWIFT_INSTALL_OBJC_HEADER = NO;
				SWIFT_VERSION = 5.0;
				TARGETED_DEVICE_FAMILY = "1,2";
			};
			name = Release;
		};
		E41F764120C8D2F300399E42 /* Debug */ = {
			isa = XCBuildConfiguration;
			buildSettings = {
				ALWAYS_SEARCH_USER_PATHS = NO;
				CLANG_ANALYZER_NONNULL = YES;
				CLANG_ANALYZER_NUMBER_OBJECT_CONVERSION = YES_AGGRESSIVE;
				CLANG_CXX_LANGUAGE_STANDARD = "gnu++14";
				CLANG_CXX_LIBRARY = "libc++";
				CLANG_ENABLE_MODULES = YES;
				CLANG_ENABLE_OBJC_ARC = YES;
				CLANG_ENABLE_OBJC_WEAK = YES;
				CLANG_WARN_BLOCK_CAPTURE_AUTORELEASING = YES;
				CLANG_WARN_BOOL_CONVERSION = YES;
				CLANG_WARN_COMMA = YES;
				CLANG_WARN_CONSTANT_CONVERSION = YES;
				CLANG_WARN_DEPRECATED_OBJC_IMPLEMENTATIONS = YES;
				CLANG_WARN_DIRECT_OBJC_ISA_USAGE = YES_ERROR;
				CLANG_WARN_DOCUMENTATION_COMMENTS = YES;
				CLANG_WARN_EMPTY_BODY = YES;
				CLANG_WARN_ENUM_CONVERSION = YES;
				CLANG_WARN_INFINITE_RECURSION = YES;
				CLANG_WARN_INT_CONVERSION = YES;
				CLANG_WARN_NON_LITERAL_NULL_CONVERSION = YES;
				CLANG_WARN_OBJC_IMPLICIT_RETAIN_SELF = YES;
				CLANG_WARN_OBJC_LITERAL_CONVERSION = YES;
				CLANG_WARN_OBJC_ROOT_CLASS = YES_ERROR;
				CLANG_WARN_QUOTED_INCLUDE_IN_FRAMEWORK_HEADER = YES;
				CLANG_WARN_RANGE_LOOP_ANALYSIS = YES;
				CLANG_WARN_STRICT_PROTOTYPES = YES;
				CLANG_WARN_SUSPICIOUS_MOVE = YES;
				CLANG_WARN_UNGUARDED_AVAILABILITY = YES_AGGRESSIVE;
				CLANG_WARN_UNREACHABLE_CODE = YES;
				CLANG_WARN__DUPLICATE_METHOD_MATCH = YES;
				CODE_SIGN_IDENTITY = "iPhone Developer";
				COPY_PHASE_STRIP = NO;
				CURRENT_PROJECT_VERSION = "";
				DEBUG_INFORMATION_FORMAT = dwarf;
				ENABLE_STRICT_OBJC_MSGSEND = YES;
				ENABLE_TESTABILITY = YES;
				GCC_C_LANGUAGE_STANDARD = gnu11;
				GCC_DYNAMIC_NO_PIC = NO;
				GCC_NO_COMMON_BLOCKS = YES;
				GCC_OPTIMIZATION_LEVEL = 0;
				GCC_PREPROCESSOR_DEFINITIONS = (
					"DEBUG=1",
					"$(inherited)",
				);
				GCC_WARN_64_TO_32_BIT_CONVERSION = YES;
				GCC_WARN_ABOUT_RETURN_TYPE = YES_ERROR;
				GCC_WARN_UNDECLARED_SELECTOR = YES;
				GCC_WARN_UNINITIALIZED_AUTOS = YES_AGGRESSIVE;
				GCC_WARN_UNUSED_FUNCTION = YES;
				GCC_WARN_UNUSED_VARIABLE = YES;
				IPHONEOS_DEPLOYMENT_TARGET = 12.0;
				MARKETING_VERSION = "";
				MTL_ENABLE_DEBUG_INFO = YES;
				ONLY_ACTIVE_ARCH = YES;
				SDKROOT = iphoneos;
				SWIFT_ACTIVE_COMPILATION_CONDITIONS = DEBUG;
				SWIFT_OPTIMIZATION_LEVEL = "-Onone";
				VERSIONING_SYSTEM = "apple-generic";
				VERSION_INFO_PREFIX = "";
			};
			name = Debug;
		};
		E41F764220C8D2F300399E42 /* Release */ = {
			isa = XCBuildConfiguration;
			buildSettings = {
				ALWAYS_SEARCH_USER_PATHS = NO;
				CLANG_ANALYZER_NONNULL = YES;
				CLANG_ANALYZER_NUMBER_OBJECT_CONVERSION = YES_AGGRESSIVE;
				CLANG_CXX_LANGUAGE_STANDARD = "gnu++14";
				CLANG_CXX_LIBRARY = "libc++";
				CLANG_ENABLE_MODULES = YES;
				CLANG_ENABLE_OBJC_ARC = YES;
				CLANG_ENABLE_OBJC_WEAK = YES;
				CLANG_WARN_BLOCK_CAPTURE_AUTORELEASING = YES;
				CLANG_WARN_BOOL_CONVERSION = YES;
				CLANG_WARN_COMMA = YES;
				CLANG_WARN_CONSTANT_CONVERSION = YES;
				CLANG_WARN_DEPRECATED_OBJC_IMPLEMENTATIONS = YES;
				CLANG_WARN_DIRECT_OBJC_ISA_USAGE = YES_ERROR;
				CLANG_WARN_DOCUMENTATION_COMMENTS = YES;
				CLANG_WARN_EMPTY_BODY = YES;
				CLANG_WARN_ENUM_CONVERSION = YES;
				CLANG_WARN_INFINITE_RECURSION = YES;
				CLANG_WARN_INT_CONVERSION = YES;
				CLANG_WARN_NON_LITERAL_NULL_CONVERSION = YES;
				CLANG_WARN_OBJC_IMPLICIT_RETAIN_SELF = YES;
				CLANG_WARN_OBJC_LITERAL_CONVERSION = YES;
				CLANG_WARN_OBJC_ROOT_CLASS = YES_ERROR;
				CLANG_WARN_QUOTED_INCLUDE_IN_FRAMEWORK_HEADER = YES;
				CLANG_WARN_RANGE_LOOP_ANALYSIS = YES;
				CLANG_WARN_STRICT_PROTOTYPES = YES;
				CLANG_WARN_SUSPICIOUS_MOVE = YES;
				CLANG_WARN_UNGUARDED_AVAILABILITY = YES_AGGRESSIVE;
				CLANG_WARN_UNREACHABLE_CODE = YES;
				CLANG_WARN__DUPLICATE_METHOD_MATCH = YES;
				CODE_SIGN_IDENTITY = "iPhone Developer";
				COPY_PHASE_STRIP = NO;
				CURRENT_PROJECT_VERSION = "";
				DEBUG_INFORMATION_FORMAT = "dwarf-with-dsym";
				ENABLE_NS_ASSERTIONS = NO;
				ENABLE_STRICT_OBJC_MSGSEND = YES;
				GCC_C_LANGUAGE_STANDARD = gnu11;
				GCC_NO_COMMON_BLOCKS = YES;
				GCC_WARN_64_TO_32_BIT_CONVERSION = YES;
				GCC_WARN_ABOUT_RETURN_TYPE = YES_ERROR;
				GCC_WARN_UNDECLARED_SELECTOR = YES;
				GCC_WARN_UNINITIALIZED_AUTOS = YES_AGGRESSIVE;
				GCC_WARN_UNUSED_FUNCTION = YES;
				GCC_WARN_UNUSED_VARIABLE = YES;
				IPHONEOS_DEPLOYMENT_TARGET = 12.0;
				MARKETING_VERSION = "";
				MTL_ENABLE_DEBUG_INFO = NO;
				SDKROOT = iphoneos;
				SWIFT_COMPILATION_MODE = wholemodule;
				SWIFT_OPTIMIZATION_LEVEL = "-O";
				VALIDATE_PRODUCT = YES;
				VERSIONING_SYSTEM = "apple-generic";
				VERSION_INFO_PREFIX = "";
			};
			name = Release;
		};
		E41F764420C8D2F300399E42 /* Debug */ = {
			isa = XCBuildConfiguration;
			buildSettings = {
				BUILD_LIBRARY_FOR_DISTRIBUTION = YES;
				CLANG_ENABLE_MODULES = YES;
				CODE_SIGN_IDENTITY = "";
				CODE_SIGN_STYLE = Automatic;
				CURRENT_PROJECT_VERSION = 58;
				DEFINES_MODULE = YES;
				DYLIB_COMPATIBILITY_VERSION = 1;
				DYLIB_CURRENT_VERSION = 1;
				DYLIB_INSTALL_NAME_BASE = "@rpath";
				FRAMEWORK_SEARCH_PATHS = "$(inherited) ";
				GCC_PREPROCESSOR_DEFINITIONS = "DEBUG=1";
				INFOPLIST_FILE = CICOPersistent/main/Info.plist;
				INSTALL_PATH = "$(LOCAL_LIBRARY_DIR)/Frameworks";
				IPHONEOS_DEPLOYMENT_TARGET = 12.0;
				LD_RUNPATH_SEARCH_PATHS = (
					"$(inherited)",
					"@executable_path/Frameworks",
					"@loader_path/Frameworks",
				);
				MARKETING_VERSION = 0.38;
				OTHER_CFLAGS = "";
				OTHER_CPLUSPLUSFLAGS = "";
				PRODUCT_BUNDLE_IDENTIFIER = com.cico.CICOPersistentCore;
				PRODUCT_NAME = "$(TARGET_NAME:c99extidentifier)";
				SKIP_INSTALL = YES;
				SWIFT_OPTIMIZATION_LEVEL = "-Onone";
				SWIFT_VERSION = 5.0;
				TARGETED_DEVICE_FAMILY = "1,2";
			};
			name = Debug;
		};
		E41F764520C8D2F300399E42 /* Release */ = {
			isa = XCBuildConfiguration;
			buildSettings = {
				BUILD_LIBRARY_FOR_DISTRIBUTION = YES;
				CLANG_ENABLE_MODULES = YES;
				CODE_SIGN_IDENTITY = "";
				CODE_SIGN_STYLE = Automatic;
				CURRENT_PROJECT_VERSION = 58;
				DEFINES_MODULE = YES;
				DYLIB_COMPATIBILITY_VERSION = 1;
				DYLIB_CURRENT_VERSION = 1;
				DYLIB_INSTALL_NAME_BASE = "@rpath";
				FRAMEWORK_SEARCH_PATHS = "$(inherited) ";
				GCC_PREPROCESSOR_DEFINITIONS = "";
				INFOPLIST_FILE = CICOPersistent/main/Info.plist;
				INSTALL_PATH = "$(LOCAL_LIBRARY_DIR)/Frameworks";
				IPHONEOS_DEPLOYMENT_TARGET = 12.0;
				LD_RUNPATH_SEARCH_PATHS = (
					"$(inherited)",
					"@executable_path/Frameworks",
					"@loader_path/Frameworks",
				);
				MARKETING_VERSION = 0.38;
				OTHER_CFLAGS = "";
				OTHER_CPLUSPLUSFLAGS = "";
				PRODUCT_BUNDLE_IDENTIFIER = com.cico.CICOPersistentCore;
				PRODUCT_NAME = "$(TARGET_NAME:c99extidentifier)";
				SKIP_INSTALL = YES;
				SWIFT_VERSION = 5.0;
				TARGETED_DEVICE_FAMILY = "1,2";
			};
			name = Release;
		};
		E41F766A20C9302400399E42 /* Debug */ = {
			isa = XCBuildConfiguration;
			buildSettings = {
				ASSETCATALOG_COMPILER_APPICON_NAME = AppIcon;
				CODE_SIGN_ENTITLEMENTS = CICOPersistentDemo/CICOPersistentDemo.entitlements;
				CODE_SIGN_STYLE = Automatic;
				CURRENT_PROJECT_VERSION = 1;
				DEVELOPMENT_TEAM = "";
				FRAMEWORK_SEARCH_PATHS = "$(inherited) ";
				INFOPLIST_FILE = CICOPersistentDemo/Info.plist;
				IPHONEOS_DEPLOYMENT_TARGET = 13.0;
				LD_RUNPATH_SEARCH_PATHS = (
					"$(inherited)",
					"@executable_path/Frameworks",
				);
				OTHER_CFLAGS = "";
				PRODUCT_BUNDLE_IDENTIFIER = com.cico.CICOPersistentDemo;
				PRODUCT_NAME = "$(TARGET_NAME)";
				SWIFT_VERSION = 5.0;
				TARGETED_DEVICE_FAMILY = "1,2";
				VALIDATE_WORKSPACE = NO;
			};
			name = Debug;
		};
		E41F766B20C9302400399E42 /* Release */ = {
			isa = XCBuildConfiguration;
			buildSettings = {
				ASSETCATALOG_COMPILER_APPICON_NAME = AppIcon;
				CODE_SIGN_ENTITLEMENTS = CICOPersistentDemo/CICOPersistentDemo.entitlements;
				CODE_SIGN_STYLE = Automatic;
				CURRENT_PROJECT_VERSION = 1;
				DEVELOPMENT_TEAM = "";
				FRAMEWORK_SEARCH_PATHS = "$(inherited) ";
				INFOPLIST_FILE = CICOPersistentDemo/Info.plist;
				IPHONEOS_DEPLOYMENT_TARGET = 13.0;
				LD_RUNPATH_SEARCH_PATHS = (
					"$(inherited)",
					"@executable_path/Frameworks",
				);
				OTHER_CFLAGS = "";
				PRODUCT_BUNDLE_IDENTIFIER = com.cico.CICOPersistentDemo;
				PRODUCT_NAME = "$(TARGET_NAME)";
				SWIFT_VERSION = 5.0;
				TARGETED_DEVICE_FAMILY = "1,2";
				VALIDATE_WORKSPACE = NO;
			};
			name = Release;
		};
		E4FD6C9B21129DBC00ECAF4E /* Debug */ = {
			isa = XCBuildConfiguration;
			buildSettings = {
				CODE_SIGN_STYLE = Automatic;
				FRAMEWORK_SEARCH_PATHS = "$(inherited)";
				INFOPLIST_FILE = CICOPersistentStandardTests/internal/Info.plist;
				IPHONEOS_DEPLOYMENT_TARGET = 12.0;
				LD_RUNPATH_SEARCH_PATHS = (
					"$(inherited)",
					"@executable_path/Frameworks",
					"@loader_path/Frameworks",
				);
				PRODUCT_BUNDLE_IDENTIFIER = com.cico.CICOPersistentTests;
				PRODUCT_NAME = "$(TARGET_NAME)";
				SWIFT_VERSION = 5.0;
				TARGETED_DEVICE_FAMILY = "1,2";
				VALIDATE_WORKSPACE = NO;
			};
			name = Debug;
		};
		E4FD6C9C21129DBC00ECAF4E /* Release */ = {
			isa = XCBuildConfiguration;
			buildSettings = {
				CODE_SIGN_STYLE = Automatic;
				FRAMEWORK_SEARCH_PATHS = "$(inherited)";
				INFOPLIST_FILE = CICOPersistentStandardTests/internal/Info.plist;
				IPHONEOS_DEPLOYMENT_TARGET = 12.0;
				LD_RUNPATH_SEARCH_PATHS = (
					"$(inherited)",
					"@executable_path/Frameworks",
					"@loader_path/Frameworks",
				);
				PRODUCT_BUNDLE_IDENTIFIER = com.cico.CICOPersistentTests;
				PRODUCT_NAME = "$(TARGET_NAME)";
				SWIFT_VERSION = 5.0;
				TARGETED_DEVICE_FAMILY = "1,2";
				VALIDATE_WORKSPACE = NO;
			};
			name = Release;
		};
/* End XCBuildConfiguration section */

/* Begin XCConfigurationList section */
		9628CD572CDC9DCB00965DC1 /* Build configuration list for PBXNativeTarget "CICOPersistentCipher" */ = {
			isa = XCConfigurationList;
			buildConfigurations = (
				9628CD522CDC9DCB00965DC1 /* Debug */,
				9628CD532CDC9DCB00965DC1 /* Release */,
			);
			defaultConfigurationIsVisible = 0;
			defaultConfigurationName = Release;
		};
		9628CD582CDC9DCB00965DC1 /* Build configuration list for PBXNativeTarget "CICOPersistentCipherTests" */ = {
			isa = XCConfigurationList;
			buildConfigurations = (
				9628CD542CDC9DCB00965DC1 /* Debug */,
				9628CD552CDC9DCB00965DC1 /* Release */,
			);
			defaultConfigurationIsVisible = 0;
			defaultConfigurationName = Release;
		};
		9628CD972CDCB05D00965DC1 /* Build configuration list for PBXNativeTarget "CICOPersistentStandard" */ = {
			isa = XCConfigurationList;
			buildConfigurations = (
				9628CD982CDCB05D00965DC1 /* Debug */,
				9628CD992CDCB05D00965DC1 /* Release */,
			);
			defaultConfigurationIsVisible = 0;
			defaultConfigurationName = Release;
		};
		E41F763520C8D2F300399E42 /* Build configuration list for PBXProject "CICOPersistent" */ = {
			isa = XCConfigurationList;
			buildConfigurations = (
				E41F764120C8D2F300399E42 /* Debug */,
				E41F764220C8D2F300399E42 /* Release */,
			);
			defaultConfigurationIsVisible = 0;
			defaultConfigurationName = Release;
		};
		E41F764320C8D2F300399E42 /* Build configuration list for PBXNativeTarget "CICOPersistent" */ = {
			isa = XCConfigurationList;
			buildConfigurations = (
				E41F764420C8D2F300399E42 /* Debug */,
				E41F764520C8D2F300399E42 /* Release */,
			);
			defaultConfigurationIsVisible = 0;
			defaultConfigurationName = Release;
		};
		E41F766920C9302400399E42 /* Build configuration list for PBXNativeTarget "CICOPersistentDemo" */ = {
			isa = XCConfigurationList;
			buildConfigurations = (
				E41F766A20C9302400399E42 /* Debug */,
				E41F766B20C9302400399E42 /* Release */,
			);
			defaultConfigurationIsVisible = 0;
			defaultConfigurationName = Release;
		};
		E4FD6C9D21129DBC00ECAF4E /* Build configuration list for PBXNativeTarget "CICOPersistentStandardTests" */ = {
			isa = XCConfigurationList;
			buildConfigurations = (
				E4FD6C9B21129DBC00ECAF4E /* Debug */,
				E4FD6C9C21129DBC00ECAF4E /* Release */,
			);
			defaultConfigurationIsVisible = 0;
			defaultConfigurationName = Release;
		};
/* End XCConfigurationList section */
	};
	rootObject = E41F763220C8D2F300399E42 /* Project object */;
}
